// !$*UTF8*$!
{
	archiveVersion = 1;
	classes = {
	};
	objectVersion = 56;
	objects = {

/* Begin PBXBuildFile section */
		A615593029E3560E00CB1335 /* AppDelegate.swift in Sources */ = {isa = PBXBuildFile; fileRef = A615592F29E3560E00CB1335 /* AppDelegate.swift */; };
		A615593229E3560E00CB1335 /* SceneDelegate.swift in Sources */ = {isa = PBXBuildFile; fileRef = A615593129E3560E00CB1335 /* SceneDelegate.swift */; };
		A615593429E3560E00CB1335 /* RootViewController.swift in Sources */ = {isa = PBXBuildFile; fileRef = A615593329E3560E00CB1335 /* RootViewController.swift */; };
		A615593929E3560F00CB1335 /* Assets.xcassets in Resources */ = {isa = PBXBuildFile; fileRef = A615593829E3560F00CB1335 /* Assets.xcassets */; };
		A615593C29E3560F00CB1335 /* LaunchScreen.storyboard in Resources */ = {isa = PBXBuildFile; fileRef = A615593A29E3560F00CB1335 /* LaunchScreen.storyboard */; };
		A615594729E3560F00CB1335 /* LoginProtocolOrientedTests.swift in Sources */ = {isa = PBXBuildFile; fileRef = A615594629E3560F00CB1335 /* LoginProtocolOrientedTests.swift */; };
		A615595129E3560F00CB1335 /* LoginProtocolOrientedUITests.swift in Sources */ = {isa = PBXBuildFile; fileRef = A615595029E3560F00CB1335 /* LoginProtocolOrientedUITests.swift */; };
		A615595329E3560F00CB1335 /* LoginProtocolOrientedUITestsLaunchTests.swift in Sources */ = {isa = PBXBuildFile; fileRef = A615595229E3560F00CB1335 /* LoginProtocolOrientedUITestsLaunchTests.swift */; };
		A615596129E3576900CB1335 /* LoginViewController.swift in Sources */ = {isa = PBXBuildFile; fileRef = A615596029E3576900CB1335 /* LoginViewController.swift */; };
		A615596329E357D700CB1335 /* MainViewController.swift in Sources */ = {isa = PBXBuildFile; fileRef = A615596229E357D700CB1335 /* MainViewController.swift */; };
		A615596629E35CEB00CB1335 /* RootViewModel.swift in Sources */ = {isa = PBXBuildFile; fileRef = A615596529E35CEB00CB1335 /* RootViewModel.swift */; };
		A615596829E35D5100CB1335 /* RootViewModelOutput.swift in Sources */ = {isa = PBXBuildFile; fileRef = A615596729E35D5100CB1335 /* RootViewModelOutput.swift */; };
		A615596B29E364D200CB1335 /* LoginStorageService.swift in Sources */ = {isa = PBXBuildFile; fileRef = A615596A29E364D200CB1335 /* LoginStorageService.swift */; };
		A615596D29E3655700CB1335 /* LoginStorageServiceImpl.swift in Sources */ = {isa = PBXBuildFile; fileRef = A615596C29E3655700CB1335 /* LoginStorageServiceImpl.swift */; };
/* End PBXBuildFile section */

/* Begin PBXContainerItemProxy section */
		A615594329E3560F00CB1335 /* PBXContainerItemProxy */ = {
			isa = PBXContainerItemProxy;
			containerPortal = A615592429E3560E00CB1335 /* Project object */;
			proxyType = 1;
			remoteGlobalIDString = A615592B29E3560E00CB1335;
			remoteInfo = LoginProtocolOriented;
		};
		A615594D29E3560F00CB1335 /* PBXContainerItemProxy */ = {
			isa = PBXContainerItemProxy;
			containerPortal = A615592429E3560E00CB1335 /* Project object */;
			proxyType = 1;
			remoteGlobalIDString = A615592B29E3560E00CB1335;
			remoteInfo = LoginProtocolOriented;
		};
/* End PBXContainerItemProxy section */

/* Begin PBXFileReference section */
		A615592C29E3560E00CB1335 /* LoginProtocolOriented.app */ = {isa = PBXFileReference; explicitFileType = wrapper.application; includeInIndex = 0; path = LoginProtocolOriented.app; sourceTree = BUILT_PRODUCTS_DIR; };
		A615592F29E3560E00CB1335 /* AppDelegate.swift */ = {isa = PBXFileReference; lastKnownFileType = sourcecode.swift; path = AppDelegate.swift; sourceTree = "<group>"; };
		A615593129E3560E00CB1335 /* SceneDelegate.swift */ = {isa = PBXFileReference; lastKnownFileType = sourcecode.swift; path = SceneDelegate.swift; sourceTree = "<group>"; };
		A615593329E3560E00CB1335 /* RootViewController.swift */ = {isa = PBXFileReference; lastKnownFileType = sourcecode.swift; path = RootViewController.swift; sourceTree = "<group>"; };
		A615593829E3560F00CB1335 /* Assets.xcassets */ = {isa = PBXFileReference; lastKnownFileType = folder.assetcatalog; path = Assets.xcassets; sourceTree = "<group>"; };
		A615593B29E3560F00CB1335 /* Base */ = {isa = PBXFileReference; lastKnownFileType = file.storyboard; name = Base; path = Base.lproj/LaunchScreen.storyboard; sourceTree = "<group>"; };
		A615593D29E3560F00CB1335 /* Info.plist */ = {isa = PBXFileReference; lastKnownFileType = text.plist.xml; path = Info.plist; sourceTree = "<group>"; };
		A615594229E3560F00CB1335 /* LoginProtocolOrientedTests.xctest */ = {isa = PBXFileReference; explicitFileType = wrapper.cfbundle; includeInIndex = 0; path = LoginProtocolOrientedTests.xctest; sourceTree = BUILT_PRODUCTS_DIR; };
		A615594629E3560F00CB1335 /* LoginProtocolOrientedTests.swift */ = {isa = PBXFileReference; lastKnownFileType = sourcecode.swift; path = LoginProtocolOrientedTests.swift; sourceTree = "<group>"; };
		A615594C29E3560F00CB1335 /* LoginProtocolOrientedUITests.xctest */ = {isa = PBXFileReference; explicitFileType = wrapper.cfbundle; includeInIndex = 0; path = LoginProtocolOrientedUITests.xctest; sourceTree = BUILT_PRODUCTS_DIR; };
		A615595029E3560F00CB1335 /* LoginProtocolOrientedUITests.swift */ = {isa = PBXFileReference; lastKnownFileType = sourcecode.swift; path = LoginProtocolOrientedUITests.swift; sourceTree = "<group>"; };
		A615595229E3560F00CB1335 /* LoginProtocolOrientedUITestsLaunchTests.swift */ = {isa = PBXFileReference; lastKnownFileType = sourcecode.swift; path = LoginProtocolOrientedUITestsLaunchTests.swift; sourceTree = "<group>"; };
		A615596029E3576900CB1335 /* LoginViewController.swift */ = {isa = PBXFileReference; lastKnownFileType = sourcecode.swift; path = LoginViewController.swift; sourceTree = "<group>"; };
		A615596229E357D700CB1335 /* MainViewController.swift */ = {isa = PBXFileReference; lastKnownFileType = sourcecode.swift; path = MainViewController.swift; sourceTree = "<group>"; };
		A615596529E35CEB00CB1335 /* RootViewModel.swift */ = {isa = PBXFileReference; lastKnownFileType = sourcecode.swift; path = RootViewModel.swift; sourceTree = "<group>"; };
		A615596729E35D5100CB1335 /* RootViewModelOutput.swift */ = {isa = PBXFileReference; lastKnownFileType = sourcecode.swift; path = RootViewModelOutput.swift; sourceTree = "<group>"; };
		A615596A29E364D200CB1335 /* LoginStorageService.swift */ = {isa = PBXFileReference; lastKnownFileType = sourcecode.swift; path = LoginStorageService.swift; sourceTree = "<group>"; };
		A615596C29E3655700CB1335 /* LoginStorageServiceImpl.swift */ = {isa = PBXFileReference; lastKnownFileType = sourcecode.swift; path = LoginStorageServiceImpl.swift; sourceTree = "<group>"; };
/* End PBXFileReference section */

/* Begin PBXFrameworksBuildPhase section */
		A615592929E3560E00CB1335 /* Frameworks */ = {
			isa = PBXFrameworksBuildPhase;
			buildActionMask = 2147483647;
			files = (
			);
			runOnlyForDeploymentPostprocessing = 0;
		};
		A615593F29E3560F00CB1335 /* Frameworks */ = {
			isa = PBXFrameworksBuildPhase;
			buildActionMask = 2147483647;
			files = (
			);
			runOnlyForDeploymentPostprocessing = 0;
		};
		A615594929E3560F00CB1335 /* Frameworks */ = {
			isa = PBXFrameworksBuildPhase;
			buildActionMask = 2147483647;
			files = (
			);
			runOnlyForDeploymentPostprocessing = 0;
		};
/* End PBXFrameworksBuildPhase section */

/* Begin PBXGroup section */
		A615592329E3560E00CB1335 = {
			isa = PBXGroup;
			children = (
				A615592E29E3560E00CB1335 /* LoginProtocolOriented */,
				A615594529E3560F00CB1335 /* LoginProtocolOrientedTests */,
				A615594F29E3560F00CB1335 /* LoginProtocolOrientedUITests */,
				A615592D29E3560E00CB1335 /* Products */,
			);
			sourceTree = "<group>";
		};
		A615592D29E3560E00CB1335 /* Products */ = {
			isa = PBXGroup;
			children = (
				A615592C29E3560E00CB1335 /* LoginProtocolOriented.app */,
				A615594229E3560F00CB1335 /* LoginProtocolOrientedTests.xctest */,
				A615594C29E3560F00CB1335 /* LoginProtocolOrientedUITests.xctest */,
			);
			name = Products;
			sourceTree = "<group>";
		};
		A615592E29E3560E00CB1335 /* LoginProtocolOriented */ = {
			isa = PBXGroup;
			children = (
				A615596929E3642F00CB1335 /* StorageService */,
				A615596429E35CBB00CB1335 /* ViewModel */,
				A615595F29E3571900CB1335 /* View */,
				A615592F29E3560E00CB1335 /* AppDelegate.swift */,
				A615593129E3560E00CB1335 /* SceneDelegate.swift */,
				A615593829E3560F00CB1335 /* Assets.xcassets */,
				A615593A29E3560F00CB1335 /* LaunchScreen.storyboard */,
				A615593D29E3560F00CB1335 /* Info.plist */,
			);
			path = LoginProtocolOriented;
			sourceTree = "<group>";
		};
		A615594529E3560F00CB1335 /* LoginProtocolOrientedTests */ = {
			isa = PBXGroup;
			children = (
				A615594629E3560F00CB1335 /* LoginProtocolOrientedTests.swift */,
			);
			path = LoginProtocolOrientedTests;
			sourceTree = "<group>";
		};
		A615594F29E3560F00CB1335 /* LoginProtocolOrientedUITests */ = {
			isa = PBXGroup;
			children = (
				A615595029E3560F00CB1335 /* LoginProtocolOrientedUITests.swift */,
				A615595229E3560F00CB1335 /* LoginProtocolOrientedUITestsLaunchTests.swift */,
			);
			path = LoginProtocolOrientedUITests;
			sourceTree = "<group>";
		};
		A615595F29E3571900CB1335 /* View */ = {
			isa = PBXGroup;
			children = (
				A615593329E3560E00CB1335 /* RootViewController.swift */,
				A615596029E3576900CB1335 /* LoginViewController.swift */,
				A615596229E357D700CB1335 /* MainViewController.swift */,
			);
			path = View;
			sourceTree = "<group>";
		};
		A615596429E35CBB00CB1335 /* ViewModel */ = {
			isa = PBXGroup;
			children = (
				A615596529E35CEB00CB1335 /* RootViewModel.swift */,
				A615596729E35D5100CB1335 /* RootViewModelOutput.swift */,
			);
			path = ViewModel;
			sourceTree = "<group>";
		};
		A615596929E3642F00CB1335 /* StorageService */ = {
			isa = PBXGroup;
			children = (
				A615596A29E364D200CB1335 /* LoginStorageService.swift */,
				A615596C29E3655700CB1335 /* LoginStorageServiceImpl.swift */,
			);
			path = StorageService;
			sourceTree = "<group>";
		};
/* End PBXGroup section */

/* Begin PBXNativeTarget section */
		A615592B29E3560E00CB1335 /* LoginProtocolOriented */ = {
			isa = PBXNativeTarget;
			buildConfigurationList = A615595629E3560F00CB1335 /* Build configuration list for PBXNativeTarget "LoginProtocolOriented" */;
			buildPhases = (
				A615592829E3560E00CB1335 /* Sources */,
				A615592929E3560E00CB1335 /* Frameworks */,
				A615592A29E3560E00CB1335 /* Resources */,
			);
			buildRules = (
			);
			dependencies = (
			);
			name = LoginProtocolOriented;
			productName = LoginProtocolOriented;
			productReference = A615592C29E3560E00CB1335 /* LoginProtocolOriented.app */;
			productType = "com.apple.product-type.application";
		};
		A615594129E3560F00CB1335 /* LoginProtocolOrientedTests */ = {
			isa = PBXNativeTarget;
			buildConfigurationList = A615595929E3560F00CB1335 /* Build configuration list for PBXNativeTarget "LoginProtocolOrientedTests" */;
			buildPhases = (
				A615593E29E3560F00CB1335 /* Sources */,
				A615593F29E3560F00CB1335 /* Frameworks */,
				A615594029E3560F00CB1335 /* Resources */,
			);
			buildRules = (
			);
			dependencies = (
				A615594429E3560F00CB1335 /* PBXTargetDependency */,
			);
			name = LoginProtocolOrientedTests;
			productName = LoginProtocolOrientedTests;
			productReference = A615594229E3560F00CB1335 /* LoginProtocolOrientedTests.xctest */;
			productType = "com.apple.product-type.bundle.unit-test";
		};
		A615594B29E3560F00CB1335 /* LoginProtocolOrientedUITests */ = {
			isa = PBXNativeTarget;
			buildConfigurationList = A615595C29E3560F00CB1335 /* Build configuration list for PBXNativeTarget "LoginProtocolOrientedUITests" */;
			buildPhases = (
				A615594829E3560F00CB1335 /* Sources */,
				A615594929E3560F00CB1335 /* Frameworks */,
				A615594A29E3560F00CB1335 /* Resources */,
			);
			buildRules = (
			);
			dependencies = (
				A615594E29E3560F00CB1335 /* PBXTargetDependency */,
			);
			name = LoginProtocolOrientedUITests;
			productName = LoginProtocolOrientedUITests;
			productReference = A615594C29E3560F00CB1335 /* LoginProtocolOrientedUITests.xctest */;
			productType = "com.apple.product-type.bundle.ui-testing";
		};
/* End PBXNativeTarget section */

/* Begin PBXProject section */
		A615592429E3560E00CB1335 /* Project object */ = {
			isa = PBXProject;
			attributes = {
				BuildIndependentTargetsInParallel = 1;
				LastSwiftUpdateCheck = 1430;
				LastUpgradeCheck = 1430;
				TargetAttributes = {
					A615592B29E3560E00CB1335 = {
						CreatedOnToolsVersion = 14.3;
					};
					A615594129E3560F00CB1335 = {
						CreatedOnToolsVersion = 14.3;
						TestTargetID = A615592B29E3560E00CB1335;
					};
					A615594B29E3560F00CB1335 = {
						CreatedOnToolsVersion = 14.3;
						TestTargetID = A615592B29E3560E00CB1335;
					};
				};
			};
			buildConfigurationList = A615592729E3560E00CB1335 /* Build configuration list for PBXProject "LoginProtocolOriented" */;
			compatibilityVersion = "Xcode 14.0";
			developmentRegion = en;
			hasScannedForEncodings = 0;
			knownRegions = (
				en,
				Base,
			);
			mainGroup = A615592329E3560E00CB1335;
			productRefGroup = A615592D29E3560E00CB1335 /* Products */;
			projectDirPath = "";
			projectRoot = "";
			targets = (
				A615592B29E3560E00CB1335 /* LoginProtocolOriented */,
				A615594129E3560F00CB1335 /* LoginProtocolOrientedTests */,
				A615594B29E3560F00CB1335 /* LoginProtocolOrientedUITests */,
			);
		};
/* End PBXProject section */

/* Begin PBXResourcesBuildPhase section */
		A615592A29E3560E00CB1335 /* Resources */ = {
			isa = PBXResourcesBuildPhase;
			buildActionMask = 2147483647;
			files = (
				A615593C29E3560F00CB1335 /* LaunchScreen.storyboard in Resources */,
				A615593929E3560F00CB1335 /* Assets.xcassets in Resources */,
			);
			runOnlyForDeploymentPostprocessing = 0;
		};
		A615594029E3560F00CB1335 /* Resources */ = {
			isa = PBXResourcesBuildPhase;
			buildActionMask = 2147483647;
			files = (
			);
			runOnlyForDeploymentPostprocessing = 0;
		};
		A615594A29E3560F00CB1335 /* Resources */ = {
			isa = PBXResourcesBuildPhase;
			buildActionMask = 2147483647;
			files = (
			);
			runOnlyForDeploymentPostprocessing = 0;
		};
/* End PBXResourcesBuildPhase section */

/* Begin PBXSourcesBuildPhase section */
		A615592829E3560E00CB1335 /* Sources */ = {
			isa = PBXSourcesBuildPhase;
			buildActionMask = 2147483647;
			files = (
				A615596D29E3655700CB1335 /* LoginStorageServiceImpl.swift in Sources */,
				A615596129E3576900CB1335 /* LoginViewController.swift in Sources */,
				A615593429E3560E00CB1335 /* RootViewController.swift in Sources */,
				A615596829E35D5100CB1335 /* RootViewModelOutput.swift in Sources */,
				A615596B29E364D200CB1335 /* LoginStorageService.swift in Sources */,
				A615593029E3560E00CB1335 /* AppDelegate.swift in Sources */,
				A615593229E3560E00CB1335 /* SceneDelegate.swift in Sources */,
				A615596629E35CEB00CB1335 /* RootViewModel.swift in Sources */,
				A615596329E357D700CB1335 /* MainViewController.swift in Sources */,
			);
			runOnlyForDeploymentPostprocessing = 0;
		};
		A615593E29E3560F00CB1335 /* Sources */ = {
			isa = PBXSourcesBuildPhase;
			buildActionMask = 2147483647;
			files = (
				A615594729E3560F00CB1335 /* LoginProtocolOrientedTests.swift in Sources */,
			);
			runOnlyForDeploymentPostprocessing = 0;
		};
		A615594829E3560F00CB1335 /* Sources */ = {
			isa = PBXSourcesBuildPhase;
			buildActionMask = 2147483647;
			files = (
				A615595329E3560F00CB1335 /* LoginProtocolOrientedUITestsLaunchTests.swift in Sources */,
				A615595129E3560F00CB1335 /* LoginProtocolOrientedUITests.swift in Sources */,
			);
			runOnlyForDeploymentPostprocessing = 0;
		};
/* End PBXSourcesBuildPhase section */

/* Begin PBXTargetDependency section */
		A615594429E3560F00CB1335 /* PBXTargetDependency */ = {
			isa = PBXTargetDependency;
			target = A615592B29E3560E00CB1335 /* LoginProtocolOriented */;
			targetProxy = A615594329E3560F00CB1335 /* PBXContainerItemProxy */;
		};
		A615594E29E3560F00CB1335 /* PBXTargetDependency */ = {
			isa = PBXTargetDependency;
			target = A615592B29E3560E00CB1335 /* LoginProtocolOriented */;
			targetProxy = A615594D29E3560F00CB1335 /* PBXContainerItemProxy */;
		};
/* End PBXTargetDependency section */

/* Begin PBXVariantGroup section */
		A615593A29E3560F00CB1335 /* LaunchScreen.storyboard */ = {
			isa = PBXVariantGroup;
			children = (
				A615593B29E3560F00CB1335 /* Base */,
			);
			name = LaunchScreen.storyboard;
			sourceTree = "<group>";
		};
/* End PBXVariantGroup section */

/* Begin XCBuildConfiguration section */
		A615595429E3560F00CB1335 /* Debug */ = {
			isa = XCBuildConfiguration;
			buildSettings = {
				ALWAYS_SEARCH_USER_PATHS = NO;
				CLANG_ANALYZER_NONNULL = YES;
				CLANG_ANALYZER_NUMBER_OBJECT_CONVERSION = YES_AGGRESSIVE;
				CLANG_CXX_LANGUAGE_STANDARD = "gnu++20";
				CLANG_ENABLE_MODULES = YES;
				CLANG_ENABLE_OBJC_ARC = YES;
				CLANG_ENABLE_OBJC_WEAK = YES;
				CLANG_WARN_BLOCK_CAPTURE_AUTORELEASING = YES;
				CLANG_WARN_BOOL_CONVERSION = YES;
				CLANG_WARN_COMMA = YES;
				CLANG_WARN_CONSTANT_CONVERSION = YES;
				CLANG_WARN_DEPRECATED_OBJC_IMPLEMENTATIONS = YES;
				CLANG_WARN_DIRECT_OBJC_ISA_USAGE = YES_ERROR;
				CLANG_WARN_DOCUMENTATION_COMMENTS = YES;
				CLANG_WARN_EMPTY_BODY = YES;
				CLANG_WARN_ENUM_CONVERSION = YES;
				CLANG_WARN_INFINITE_RECURSION = YES;
				CLANG_WARN_INT_CONVERSION = YES;
				CLANG_WARN_NON_LITERAL_NULL_CONVERSION = YES;
				CLANG_WARN_OBJC_IMPLICIT_RETAIN_SELF = YES;
				CLANG_WARN_OBJC_LITERAL_CONVERSION = YES;
				CLANG_WARN_OBJC_ROOT_CLASS = YES_ERROR;
				CLANG_WARN_QUOTED_INCLUDE_IN_FRAMEWORK_HEADER = YES;
				CLANG_WARN_RANGE_LOOP_ANALYSIS = YES;
				CLANG_WARN_STRICT_PROTOTYPES = YES;
				CLANG_WARN_SUSPICIOUS_MOVE = YES;
				CLANG_WARN_UNGUARDED_AVAILABILITY = YES_AGGRESSIVE;
				CLANG_WARN_UNREACHABLE_CODE = YES;
				CLANG_WARN__DUPLICATE_METHOD_MATCH = YES;
				COPY_PHASE_STRIP = NO;
				DEBUG_INFORMATION_FORMAT = dwarf;
				ENABLE_STRICT_OBJC_MSGSEND = YES;
				ENABLE_TESTABILITY = YES;
				GCC_C_LANGUAGE_STANDARD = gnu11;
				GCC_DYNAMIC_NO_PIC = NO;
				GCC_NO_COMMON_BLOCKS = YES;
				GCC_OPTIMIZATION_LEVEL = 0;
				GCC_PREPROCESSOR_DEFINITIONS = (
					"DEBUG=1",
					"$(inherited)",
				);
				GCC_WARN_64_TO_32_BIT_CONVERSION = YES;
				GCC_WARN_ABOUT_RETURN_TYPE = YES_ERROR;
				GCC_WARN_UNDECLARED_SELECTOR = YES;
				GCC_WARN_UNINITIALIZED_AUTOS = YES_AGGRESSIVE;
				GCC_WARN_UNUSED_FUNCTION = YES;
				GCC_WARN_UNUSED_VARIABLE = YES;
				IPHONEOS_DEPLOYMENT_TARGET = 16.4;
				MTL_ENABLE_DEBUG_INFO = INCLUDE_SOURCE;
				MTL_FAST_MATH = YES;
				ONLY_ACTIVE_ARCH = YES;
				SDKROOT = iphoneos;
				SWIFT_ACTIVE_COMPILATION_CONDITIONS = DEBUG;
				SWIFT_OPTIMIZATION_LEVEL = "-Onone";
			};
			name = Debug;
		};
		A615595529E3560F00CB1335 /* Release */ = {
			isa = XCBuildConfiguration;
			buildSettings = {
				ALWAYS_SEARCH_USER_PATHS = NO;
				CLANG_ANALYZER_NONNULL = YES;
				CLANG_ANALYZER_NUMBER_OBJECT_CONVERSION = YES_AGGRESSIVE;
				CLANG_CXX_LANGUAGE_STANDARD = "gnu++20";
				CLANG_ENABLE_MODULES = YES;
				CLANG_ENABLE_OBJC_ARC = YES;
				CLANG_ENABLE_OBJC_WEAK = YES;
				CLANG_WARN_BLOCK_CAPTURE_AUTORELEASING = YES;
				CLANG_WARN_BOOL_CONVERSION = YES;
				CLANG_WARN_COMMA = YES;
				CLANG_WARN_CONSTANT_CONVERSION = YES;
				CLANG_WARN_DEPRECATED_OBJC_IMPLEMENTATIONS = YES;
				CLANG_WARN_DIRECT_OBJC_ISA_USAGE = YES_ERROR;
				CLANG_WARN_DOCUMENTATION_COMMENTS = YES;
				CLANG_WARN_EMPTY_BODY = YES;
				CLANG_WARN_ENUM_CONVERSION = YES;
				CLANG_WARN_INFINITE_RECURSION = YES;
				CLANG_WARN_INT_CONVERSION = YES;
				CLANG_WARN_NON_LITERAL_NULL_CONVERSION = YES;
				CLANG_WARN_OBJC_IMPLICIT_RETAIN_SELF = YES;
				CLANG_WARN_OBJC_LITERAL_CONVERSION = YES;
				CLANG_WARN_OBJC_ROOT_CLASS = YES_ERROR;
				CLANG_WARN_QUOTED_INCLUDE_IN_FRAMEWORK_HEADER = YES;
				CLANG_WARN_RANGE_LOOP_ANALYSIS = YES;
				CLANG_WARN_STRICT_PROTOTYPES = YES;
				CLANG_WARN_SUSPICIOUS_MOVE = YES;
				CLANG_WARN_UNGUARDED_AVAILABILITY = YES_AGGRESSIVE;
				CLANG_WARN_UNREACHABLE_CODE = YES;
				CLANG_WARN__DUPLICATE_METHOD_MATCH = YES;
				COPY_PHASE_STRIP = NO;
				DEBUG_INFORMATION_FORMAT = "dwarf-with-dsym";
				ENABLE_NS_ASSERTIONS = NO;
				ENABLE_STRICT_OBJC_MSGSEND = YES;
				GCC_C_LANGUAGE_STANDARD = gnu11;
				GCC_NO_COMMON_BLOCKS = YES;
				GCC_WARN_64_TO_32_BIT_CONVERSION = YES;
				GCC_WARN_ABOUT_RETURN_TYPE = YES_ERROR;
				GCC_WARN_UNDECLARED_SELECTOR = YES;
				GCC_WARN_UNINITIALIZED_AUTOS = YES_AGGRESSIVE;
				GCC_WARN_UNUSED_FUNCTION = YES;
				GCC_WARN_UNUSED_VARIABLE = YES;
				IPHONEOS_DEPLOYMENT_TARGET = 16.4;
				MTL_ENABLE_DEBUG_INFO = NO;
				MTL_FAST_MATH = YES;
				SDKROOT = iphoneos;
				SWIFT_COMPILATION_MODE = wholemodule;
				SWIFT_OPTIMIZATION_LEVEL = "-O";
				VALIDATE_PRODUCT = YES;
			};
			name = Release;
		};
		A615595729E3560F00CB1335 /* Debug */ = {
			isa = XCBuildConfiguration;
			buildSettings = {
				ASSETCATALOG_COMPILER_APPICON_NAME = AppIcon;
				ASSETCATALOG_COMPILER_GLOBAL_ACCENT_COLOR_NAME = AccentColor;
				CODE_SIGN_STYLE = Automatic;
				CURRENT_PROJECT_VERSION = 1;
				DEVELOPMENT_TEAM = YNH65UJDQA;
				GENERATE_INFOPLIST_FILE = YES;
				INFOPLIST_FILE = LoginProtocolOriented/Info.plist;
				INFOPLIST_KEY_UIApplicationSupportsIndirectInputEvents = YES;
				INFOPLIST_KEY_UILaunchStoryboardName = LaunchScreen;
				INFOPLIST_KEY_UISupportedInterfaceOrientations_iPad = "UIInterfaceOrientationPortrait UIInterfaceOrientationPortraitUpsideDown UIInterfaceOrientationLandscapeLeft UIInterfaceOrientationLandscapeRight";
				INFOPLIST_KEY_UISupportedInterfaceOrientations_iPhone = "UIInterfaceOrientationPortrait UIInterfaceOrientationLandscapeLeft UIInterfaceOrientationLandscapeRight";
				LD_RUNPATH_SEARCH_PATHS = (
					"$(inherited)",
					"@executable_path/Frameworks",
				);
				MARKETING_VERSION = 1.0;
				PRODUCT_BUNDLE_IDENTIFIER = OzkanNevin.LoginProtocolOriented;
				PRODUCT_NAME = "$(TARGET_NAME)";
				SWIFT_EMIT_LOC_STRINGS = YES;
				SWIFT_VERSION = 5.0;
				TARGETED_DEVICE_FAMILY = "1,2";
			};
			name = Debug;
		};
		A615595829E3560F00CB1335 /* Release */ = {
			isa = XCBuildConfiguration;
			buildSettings = {
				ASSETCATALOG_COMPILER_APPICON_NAME = AppIcon;
				ASSETCATALOG_COMPILER_GLOBAL_ACCENT_COLOR_NAME = AccentColor;
				CODE_SIGN_STYLE = Automatic;
				CURRENT_PROJECT_VERSION = 1;
				DEVELOPMENT_TEAM = YNH65UJDQA;
				GENERATE_INFOPLIST_FILE = YES;
				INFOPLIST_FILE = LoginProtocolOriented/Info.plist;
				INFOPLIST_KEY_UIApplicationSupportsIndirectInputEvents = YES;
				INFOPLIST_KEY_UILaunchStoryboardName = LaunchScreen;
				INFOPLIST_KEY_UISupportedInterfaceOrientations_iPad = "UIInterfaceOrientationPortrait UIInterfaceOrientationPortraitUpsideDown UIInterfaceOrientationLandscapeLeft UIInterfaceOrientationLandscapeRight";
				INFOPLIST_KEY_UISupportedInterfaceOrientations_iPhone = "UIInterfaceOrientationPortrait UIInterfaceOrientationLandscapeLeft UIInterfaceOrientationLandscapeRight";
				LD_RUNPATH_SEARCH_PATHS = (
					"$(inherited)",
					"@executable_path/Frameworks",
				);
				MARKETING_VERSION = 1.0;
				PRODUCT_BUNDLE_IDENTIFIER = OzkanNevin.LoginProtocolOriented;
				PRODUCT_NAME = "$(TARGET_NAME)";
				SWIFT_EMIT_LOC_STRINGS = YES;
				SWIFT_VERSION = 5.0;
				TARGETED_DEVICE_FAMILY = "1,2";
			};
			name = Release;
		};
		A615595A29E3560F00CB1335 /* Debug */ = {
			isa = XCBuildConfiguration;
			buildSettings = {
				ALWAYS_EMBED_SWIFT_STANDARD_LIBRARIES = YES;
				BUNDLE_LOADER = "$(TEST_HOST)";
				CODE_SIGN_STYLE = Automatic;
				CURRENT_PROJECT_VERSION = 1;
				DEVELOPMENT_TEAM = YNH65UJDQA;
				GENERATE_INFOPLIST_FILE = YES;
				IPHONEOS_DEPLOYMENT_TARGET = 16.4;
				MARKETING_VERSION = 1.0;
				PRODUCT_BUNDLE_IDENTIFIER = OzkanNevin.LoginProtocolOrientedTests;
				PRODUCT_NAME = "$(TARGET_NAME)";
				SWIFT_EMIT_LOC_STRINGS = NO;
				SWIFT_VERSION = 5.0;
				TARGETED_DEVICE_FAMILY = "1,2";
				TEST_HOST = "$(BUILT_PRODUCTS_DIR)/LoginProtocolOriented.app/$(BUNDLE_EXECUTABLE_FOLDER_PATH)/LoginProtocolOriented";
			};
			name = Debug;
		};
		A615595B29E3560F00CB1335 /* Release */ = {
			isa = XCBuildConfiguration;
			buildSettings = {
				ALWAYS_EMBED_SWIFT_STANDARD_LIBRARIES = YES;
				BUNDLE_LOADER = "$(TEST_HOST)";
				CODE_SIGN_STYLE = Automatic;
				CURRENT_PROJECT_VERSION = 1;
				DEVELOPMENT_TEAM = YNH65UJDQA;
				GENERATE_INFOPLIST_FILE = YES;
				IPHONEOS_DEPLOYMENT_TARGET = 16.4;
				MARKETING_VERSION = 1.0;
				PRODUCT_BUNDLE_IDENTIFIER = OzkanNevin.LoginProtocolOrientedTests;
				PRODUCT_NAME = "$(TARGET_NAME)";
				SWIFT_EMIT_LOC_STRINGS = NO;
				SWIFT_VERSION = 5.0;
				TARGETED_DEVICE_FAMILY = "1,2";
				TEST_HOST = "$(BUILT_PRODUCTS_DIR)/LoginProtocolOriented.app/$(BUNDLE_EXECUTABLE_FOLDER_PATH)/LoginProtocolOriented";
			};
			name = Release;
		};
		A615595D29E3560F00CB1335 /* Debug */ = {
			isa = XCBuildConfiguration;
			buildSettings = {
				ALWAYS_EMBED_SWIFT_STANDARD_LIBRARIES = YES;
				CODE_SIGN_STYLE = Automatic;
				CURRENT_PROJECT_VERSION = 1;
				DEVELOPMENT_TEAM = YNH65UJDQA;
				GENERATE_INFOPLIST_FILE = YES;
				MARKETING_VERSION = 1.0;
				PRODUCT_BUNDLE_IDENTIFIER = OzkanNevin.LoginProtocolOrientedUITests;
				PRODUCT_NAME = "$(TARGET_NAME)";
				SWIFT_EMIT_LOC_STRINGS = NO;
				SWIFT_VERSION = 5.0;
				TARGETED_DEVICE_FAMILY = "1,2";
				TEST_TARGET_NAME = LoginProtocolOriented;
			};
			name = Debug;
		};
		A615595E29E3560F00CB1335 /* Release */ = {
			isa = XCBuildConfiguration;
			buildSettings = {
				ALWAYS_EMBED_SWIFT_STANDARD_LIBRARIES = YES;
				CODE_SIGN_STYLE = Automatic;
				CURRENT_PROJECT_VERSION = 1;
				DEVELOPMENT_TEAM = YNH65UJDQA;
				GENERATE_INFOPLIST_FILE = YES;
				MARKETING_VERSION = 1.0;
				PRODUCT_BUNDLE_IDENTIFIER = OzkanNevin.LoginProtocolOrientedUITests;
				PRODUCT_NAME = "$(TARGET_NAME)";
				SWIFT_EMIT_LOC_STRINGS = NO;
				SWIFT_VERSION = 5.0;
				TARGETED_DEVICE_FAMILY = "1,2";
				TEST_TARGET_NAME = LoginProtocolOriented;
			};
			name = Release;
		};
/* End XCBuildConfiguration section */

/* Begin XCConfigurationList section */
		A615592729E3560E00CB1335 /* Build configuration list for PBXProject "LoginProtocolOriented" */ = {
			isa = XCConfigurationList;
			buildConfigurations = (
				A615595429E3560F00CB1335 /* Debug */,
				A615595529E3560F00CB1335 /* Release */,
			);
			defaultConfigurationIsVisible = 0;
			defaultConfigurationName = Release;
		};
		A615595629E3560F00CB1335 /* Build configuration list for PBXNativeTarget "LoginProtocolOriented" */ = {
			isa = XCConfigurationList;
			buildConfigurations = (
				A615595729E3560F00CB1335 /* Debug */,
				A615595829E3560F00CB1335 /* Release */,
			);
			defaultConfigurationIsVisible = 0;
			defaultConfigurationName = Release;
		};
		A615595929E3560F00CB1335 /* Build configuration list for PBXNativeTarget "LoginProtocolOrientedTests" */ = {
			isa = XCConfigurationList;
			buildConfigurations = (
				A615595A29E3560F00CB1335 /* Debug */,
				A615595B29E3560F00CB1335 /* Release */,
			);
			defaultConfigurationIsVisible = 0;
			defaultConfigurationName = Release;
		};
		A615595C29E3560F00CB1335 /* Build configuration list for PBXNativeTarget "LoginProtocolOrientedUITests" */ = {
			isa = XCConfigurationList;
			buildConfigurations = (
				A615595D29E3560F00CB1335 /* Debug */,
				A615595E29E3560F00CB1335 /* Release */,
			);
			defaultConfigurationIsVisible = 0;
			defaultConfigurationName = Release;
		};
/* End XCConfigurationList section */
	};
	rootObject = A615592429E3560E00CB1335 /* Project object */;
}
