// !$*UTF8*$!
{
	archiveVersion = 1;
	classes = {
	};
	objectVersion = 56;
	objects = {

/* Begin PBXBuildFile section */
		A6823ACD2A0A51AC00DC03AC /* AppDelegate.swift in Sources */ = {isa = PBXBuildFile; fileRef = A6823ACC2A0A51AB00DC03AC /* AppDelegate.swift */; };
		A6823ACF2A0A51AC00DC03AC /* GameScene.sks in Resources */ = {isa = PBXBuildFile; fileRef = A6823ACE2A0A51AC00DC03AC /* GameScene.sks */; };
		A6823AD12A0A51AC00DC03AC /* Actions.sks in Resources */ = {isa = PBXBuildFile; fileRef = A6823AD02A0A51AC00DC03AC /* Actions.sks */; };
		A6823AD32A0A51AC00DC03AC /* GameScene.swift in Sources */ = {isa = PBXBuildFile; fileRef = A6823AD22A0A51AC00DC03AC /* GameScene.swift */; };
		A6823AD52A0A51AC00DC03AC /* GameViewController.swift in Sources */ = {isa = PBXBuildFile; fileRef = A6823AD42A0A51AC00DC03AC /* GameViewController.swift */; };
		A6823AD82A0A51AC00DC03AC /* Main.storyboard in Resources */ = {isa = PBXBuildFile; fileRef = A6823AD62A0A51AC00DC03AC /* Main.storyboard */; };
		A6823ADA2A0A51AC00DC03AC /* Assets.xcassets in Resources */ = {isa = PBXBuildFile; fileRef = A6823AD92A0A51AC00DC03AC /* Assets.xcassets */; };
		A6823ADD2A0A51AC00DC03AC /* LaunchScreen.storyboard in Resources */ = {isa = PBXBuildFile; fileRef = A6823ADB2A0A51AC00DC03AC /* LaunchScreen.storyboard */; };
/* End PBXBuildFile section */

/* Begin PBXFileReference section */
		A6823AC92A0A51AB00DC03AC /* SpriteKullanimi.app */ = {isa = PBXFileReference; explicitFileType = wrapper.application; includeInIndex = 0; path = SpriteKullanimi.app; sourceTree = BUILT_PRODUCTS_DIR; };
		A6823ACC2A0A51AB00DC03AC /* AppDelegate.swift */ = {isa = PBXFileReference; lastKnownFileType = sourcecode.swift; path = AppDelegate.swift; sourceTree = "<group>"; };
		A6823ACE2A0A51AC00DC03AC /* GameScene.sks */ = {isa = PBXFileReference; lastKnownFileType = file.sks; path = GameScene.sks; sourceTree = "<group>"; };
		A6823AD02A0A51AC00DC03AC /* Actions.sks */ = {isa = PBXFileReference; lastKnownFileType = file.sks; path = Actions.sks; sourceTree = "<group>"; };
		A6823AD22A0A51AC00DC03AC /* GameScene.swift */ = {isa = PBXFileReference; lastKnownFileType = sourcecode.swift; path = GameScene.swift; sourceTree = "<group>"; };
		A6823AD42A0A51AC00DC03AC /* GameViewController.swift */ = {isa = PBXFileReference; lastKnownFileType = sourcecode.swift; path = GameViewController.swift; sourceTree = "<group>"; };
		A6823AD72A0A51AC00DC03AC /* Base */ = {isa = PBXFileReference; lastKnownFileType = file.storyboard; name = Base; path = Base.lproj/Main.storyboard; sourceTree = "<group>"; };
		A6823AD92A0A51AC00DC03AC /* Assets.xcassets */ = {isa = PBXFileReference; lastKnownFileType = folder.assetcatalog; path = Assets.xcassets; sourceTree = "<group>"; };
		A6823ADC2A0A51AC00DC03AC /* Base */ = {isa = PBXFileReference; lastKnownFileType = file.storyboard; name = Base; path = Base.lproj/LaunchScreen.storyboard; sourceTree = "<group>"; };
/* End PBXFileReference section */

/* Begin PBXFrameworksBuildPhase section */
		A6823AC62A0A51AB00DC03AC /* Frameworks */ = {
			isa = PBXFrameworksBuildPhase;
			buildActionMask = 2147483647;
			files = (
			);
			runOnlyForDeploymentPostprocessing = 0;
		};
/* End PBXFrameworksBuildPhase section */

/* Begin PBXGroup section */
		A6823AC02A0A51AB00DC03AC = {
			isa = PBXGroup;
			children = (
				A6823ACB2A0A51AB00DC03AC /* SpriteKullanimi */,
				A6823ACA2A0A51AB00DC03AC /* Products */,
			);
			sourceTree = "<group>";
		};
		A6823ACA2A0A51AB00DC03AC /* Products */ = {
			isa = PBXGroup;
			children = (
				A6823AC92A0A51AB00DC03AC /* SpriteKullanimi.app */,
			);
			name = Products;
			sourceTree = "<group>";
		};
		A6823ACB2A0A51AB00DC03AC /* SpriteKullanimi */ = {
			isa = PBXGroup;
			children = (
				A6823ACC2A0A51AB00DC03AC /* AppDelegate.swift */,
				A6823ACE2A0A51AC00DC03AC /* GameScene.sks */,
				A6823AD02A0A51AC00DC03AC /* Actions.sks */,
				A6823AD22A0A51AC00DC03AC /* GameScene.swift */,
				A6823AD42A0A51AC00DC03AC /* GameViewController.swift */,
				A6823AD62A0A51AC00DC03AC /* Main.storyboard */,
				A6823AD92A0A51AC00DC03AC /* Assets.xcassets */,
				A6823ADB2A0A51AC00DC03AC /* LaunchScreen.storyboard */,
			);
			path = SpriteKullanimi;
			sourceTree = "<group>";
		};
/* End PBXGroup section */

/* Begin PBXNativeTarget section */
		A6823AC82A0A51AB00DC03AC /* SpriteKullanimi */ = {
			isa = PBXNativeTarget;
			buildConfigurationList = A6823AE02A0A51AC00DC03AC /* Build configuration list for PBXNativeTarget "SpriteKullanimi" */;
			buildPhases = (
				A6823AC52A0A51AB00DC03AC /* Sources */,
				A6823AC62A0A51AB00DC03AC /* Frameworks */,
				A6823AC72A0A51AB00DC03AC /* Resources */,
			);
			buildRules = (
			);
			dependencies = (
			);
			name = SpriteKullanimi;
			productName = SpriteKullanimi;
			productReference = A6823AC92A0A51AB00DC03AC /* SpriteKullanimi.app */;
			productType = "com.apple.product-type.application";
		};
/* End PBXNativeTarget section */

/* Begin PBXProject section */
		A6823AC12A0A51AB00DC03AC /* Project object */ = {
			isa = PBXProject;
			attributes = {
				BuildIndependentTargetsInParallel = 1;
				LastSwiftUpdateCheck = 1430;
				LastUpgradeCheck = 1430;
				TargetAttributes = {
					A6823AC82A0A51AB00DC03AC = {
						CreatedOnToolsVersion = 14.3;
					};
				};
			};
			buildConfigurationList = A6823AC42A0A51AB00DC03AC /* Build configuration list for PBXProject "SpriteKullanimi" */;
			compatibilityVersion = "Xcode 14.0";
			developmentRegion = en;
			hasScannedForEncodings = 0;
			knownRegions = (
				en,
				Base,
			);
			mainGroup = A6823AC02A0A51AB00DC03AC;
			productRefGroup = A6823ACA2A0A51AB00DC03AC /* Products */;
			projectDirPath = "";
			projectRoot = "";
			targets = (
				A6823AC82A0A51AB00DC03AC /* SpriteKullanimi */,
			);
		};
/* End PBXProject section */

/* Begin PBXResourcesBuildPhase section */
		A6823AC72A0A51AB00DC03AC /* Resources */ = {
			isa = PBXResourcesBuildPhase;
			buildActionMask = 2147483647;
			files = (
				A6823AD82A0A51AC00DC03AC /* Main.storyboard in Resources */,
				A6823ACF2A0A51AC00DC03AC /* GameScene.sks in Resources */,
				A6823ADA2A0A51AC00DC03AC /* Assets.xcassets in Resources */,
				A6823ADD2A0A51AC00DC03AC /* LaunchScreen.storyboard in Resources */,
				A6823AD12A0A51AC00DC03AC /* Actions.sks in Resources */,
			);
			runOnlyForDeploymentPostprocessing = 0;
		};
/* End PBXResourcesBuildPhase section */

/* Begin PBXSourcesBuildPhase section */
		A6823AC52A0A51AB00DC03AC /* Sources */ = {
			isa = PBXSourcesBuildPhase;
			buildActionMask = 2147483647;
			files = (
				A6823AD32A0A51AC00DC03AC /* GameScene.swift in Sources */,
				A6823AD52A0A51AC00DC03AC /* GameViewController.swift in Sources */,
				A6823ACD2A0A51AC00DC03AC /* AppDelegate.swift in Sources */,
			);
			runOnlyForDeploymentPostprocessing = 0;
		};
/* End PBXSourcesBuildPhase section */

/* Begin PBXVariantGroup section */
		A6823AD62A0A51AC00DC03AC /* Main.storyboard */ = {
			isa = PBXVariantGroup;
			children = (
				A6823AD72A0A51AC00DC03AC /* Base */,
			);
			name = Main.storyboard;
			sourceTree = "<group>";
		};
		A6823ADB2A0A51AC00DC03AC /* LaunchScreen.storyboard */ = {
			isa = PBXVariantGroup;
			children = (
				A6823ADC2A0A51AC00DC03AC /* Base */,
			);
			name = LaunchScreen.storyboard;
			sourceTree = "<group>";
		};
/* End PBXVariantGroup section */

/* Begin XCBuildConfiguration section */
		A6823ADE2A0A51AC00DC03AC /* Debug */ = {
			isa = XCBuildConfiguration;
			buildSettings = {
				ALWAYS_SEARCH_USER_PATHS = NO;
				CLANG_ANALYZER_NONNULL = YES;
				CLANG_ANALYZER_NUMBER_OBJECT_CONVERSION = YES_AGGRESSIVE;
				CLANG_CXX_LANGUAGE_STANDARD = "gnu++20";
				CLANG_ENABLE_MODULES = YES;
				CLANG_ENABLE_OBJC_ARC = YES;
				CLANG_ENABLE_OBJC_WEAK = YES;
				CLANG_WARN_BLOCK_CAPTURE_AUTORELEASING = YES;
				CLANG_WARN_BOOL_CONVERSION = YES;
				CLANG_WARN_COMMA = YES;
				CLANG_WARN_CONSTANT_CONVERSION = YES;
				CLANG_WARN_DEPRECATED_OBJC_IMPLEMENTATIONS = YES;
				CLANG_WARN_DIRECT_OBJC_ISA_USAGE = YES_ERROR;
				CLANG_WARN_DOCUMENTATION_COMMENTS = YES;
				CLANG_WARN_EMPTY_BODY = YES;
				CLANG_WARN_ENUM_CONVERSION = YES;
				CLANG_WARN_INFINITE_RECURSION = YES;
				CLANG_WARN_INT_CONVERSION = YES;
				CLANG_WARN_NON_LITERAL_NULL_CONVERSION = YES;
				CLANG_WARN_OBJC_IMPLICIT_RETAIN_SELF = YES;
				CLANG_WARN_OBJC_LITERAL_CONVERSION = YES;
				CLANG_WARN_OBJC_ROOT_CLASS = YES_ERROR;
				CLANG_WARN_QUOTED_INCLUDE_IN_FRAMEWORK_HEADER = YES;
				CLANG_WARN_RANGE_LOOP_ANALYSIS = YES;
				CLANG_WARN_STRICT_PROTOTYPES = YES;
				CLANG_WARN_SUSPICIOUS_MOVE = YES;
				CLANG_WARN_UNGUARDED_AVAILABILITY = YES_AGGRESSIVE;
				CLANG_WARN_UNREACHABLE_CODE = YES;
				CLANG_WARN__DUPLICATE_METHOD_MATCH = YES;
				COPY_PHASE_STRIP = NO;
				DEBUG_INFORMATION_FORMAT = dwarf;
				ENABLE_STRICT_OBJC_MSGSEND = YES;
				ENABLE_TESTABILITY = YES;
				GCC_C_LANGUAGE_STANDARD = gnu11;
				GCC_DYNAMIC_NO_PIC = NO;
				GCC_NO_COMMON_BLOCKS = YES;
				GCC_OPTIMIZATION_LEVEL = 0;
				GCC_PREPROCESSOR_DEFINITIONS = (
					"DEBUG=1",
					"$(inherited)",
				);
				GCC_WARN_64_TO_32_BIT_CONVERSION = YES;
				GCC_WARN_ABOUT_RETURN_TYPE = YES_ERROR;
				GCC_WARN_UNDECLARED_SELECTOR = YES;
				GCC_WARN_UNINITIALIZED_AUTOS = YES_AGGRESSIVE;
				GCC_WARN_UNUSED_FUNCTION = YES;
				GCC_WARN_UNUSED_VARIABLE = YES;
				IPHONEOS_DEPLOYMENT_TARGET = 16.4;
				MTL_ENABLE_DEBUG_INFO = INCLUDE_SOURCE;
				MTL_FAST_MATH = YES;
				ONLY_ACTIVE_ARCH = YES;
				SDKROOT = iphoneos;
				SWIFT_ACTIVE_COMPILATION_CONDITIONS = DEBUG;
				SWIFT_OPTIMIZATION_LEVEL = "-Onone";
			};
			name = Debug;
		};
		A6823ADF2A0A51AC00DC03AC /* Release */ = {
			isa = XCBuildConfiguration;
			buildSettings = {
				ALWAYS_SEARCH_USER_PATHS = NO;
				CLANG_ANALYZER_NONNULL = YES;
				CLANG_ANALYZER_NUMBER_OBJECT_CONVERSION = YES_AGGRESSIVE;
				CLANG_CXX_LANGUAGE_STANDARD = "gnu++20";
				CLANG_ENABLE_MODULES = YES;
				CLANG_ENABLE_OBJC_ARC = YES;
				CLANG_ENABLE_OBJC_WEAK = YES;
				CLANG_WARN_BLOCK_CAPTURE_AUTORELEASING = YES;
				CLANG_WARN_BOOL_CONVERSION = YES;
				CLANG_WARN_COMMA = YES;
				CLANG_WARN_CONSTANT_CONVERSION = YES;
				CLANG_WARN_DEPRECATED_OBJC_IMPLEMENTATIONS = YES;
				CLANG_WARN_DIRECT_OBJC_ISA_USAGE = YES_ERROR;
				CLANG_WARN_DOCUMENTATION_COMMENTS = YES;
				CLANG_WARN_EMPTY_BODY = YES;
				CLANG_WARN_ENUM_CONVERSION = YES;
				CLANG_WARN_INFINITE_RECURSION = YES;
				CLANG_WARN_INT_CONVERSION = YES;
				CLANG_WARN_NON_LITERAL_NULL_CONVERSION = YES;
				CLANG_WARN_OBJC_IMPLICIT_RETAIN_SELF = YES;
				CLANG_WARN_OBJC_LITERAL_CONVERSION = YES;
				CLANG_WARN_OBJC_ROOT_CLASS = YES_ERROR;
				CLANG_WARN_QUOTED_INCLUDE_IN_FRAMEWORK_HEADER = YES;
				CLANG_WARN_RANGE_LOOP_ANALYSIS = YES;
				CLANG_WARN_STRICT_PROTOTYPES = YES;
				CLANG_WARN_SUSPICIOUS_MOVE = YES;
				CLANG_WARN_UNGUARDED_AVAILABILITY = YES_AGGRESSIVE;
				CLANG_WARN_UNREACHABLE_CODE = YES;
				CLANG_WARN__DUPLICATE_METHOD_MATCH = YES;
				COPY_PHASE_STRIP = NO;
				DEBUG_INFORMATION_FORMAT = "dwarf-with-dsym";
				ENABLE_NS_ASSERTIONS = NO;
				ENABLE_STRICT_OBJC_MSGSEND = YES;
				GCC_C_LANGUAGE_STANDARD = gnu11;
				GCC_NO_COMMON_BLOCKS = YES;
				GCC_WARN_64_TO_32_BIT_CONVERSION = YES;
				GCC_WARN_ABOUT_RETURN_TYPE = YES_ERROR;
				GCC_WARN_UNDECLARED_SELECTOR = YES;
				GCC_WARN_UNINITIALIZED_AUTOS = YES_AGGRESSIVE;
				GCC_WARN_UNUSED_FUNCTION = YES;
				GCC_WARN_UNUSED_VARIABLE = YES;
				IPHONEOS_DEPLOYMENT_TARGET = 16.4;
				MTL_ENABLE_DEBUG_INFO = NO;
				MTL_FAST_MATH = YES;
				SDKROOT = iphoneos;
				SWIFT_COMPILATION_MODE = wholemodule;
				SWIFT_OPTIMIZATION_LEVEL = "-O";
				VALIDATE_PRODUCT = YES;
			};
			name = Release;
		};
		A6823AE12A0A51AC00DC03AC /* Debug */ = {
			isa = XCBuildConfiguration;
			buildSettings = {
				ASSETCATALOG_COMPILER_APPICON_NAME = AppIcon;
				ASSETCATALOG_COMPILER_GLOBAL_ACCENT_COLOR_NAME = AccentColor;
				CODE_SIGN_STYLE = Automatic;
				CURRENT_PROJECT_VERSION = 1;
				DEVELOPMENT_TEAM = YNH65UJDQA;
				GENERATE_INFOPLIST_FILE = YES;
				INFOPLIST_KEY_UIApplicationSupportsIndirectInputEvents = YES;
				INFOPLIST_KEY_UILaunchStoryboardName = LaunchScreen;
				INFOPLIST_KEY_UIMainStoryboardFile = Main;
				INFOPLIST_KEY_UIStatusBarHidden = YES;
				INFOPLIST_KEY_UISupportedInterfaceOrientations_iPad = "UIInterfaceOrientationPortrait UIInterfaceOrientationPortraitUpsideDown UIInterfaceOrientationLandscapeLeft UIInterfaceOrientationLandscapeRight";
				INFOPLIST_KEY_UISupportedInterfaceOrientations_iPhone = "UIInterfaceOrientationPortrait UIInterfaceOrientationLandscapeLeft UIInterfaceOrientationLandscapeRight";
				LD_RUNPATH_SEARCH_PATHS = (
					"$(inherited)",
					"@executable_path/Frameworks",
				);
				MARKETING_VERSION = 1.0;
				PRODUCT_BUNDLE_IDENTIFIER = OzkanNevin.SpriteKullanimi;
				PRODUCT_NAME = "$(TARGET_NAME)";
				SWIFT_EMIT_LOC_STRINGS = YES;
				SWIFT_VERSION = 5.0;
				TARGETED_DEVICE_FAMILY = "1,2";
			};
			name = Debug;
		};
		A6823AE22A0A51AC00DC03AC /* Release */ = {
			isa = XCBuildConfiguration;
			buildSettings = {
				ASSETCATALOG_COMPILER_APPICON_NAME = AppIcon;
				ASSETCATALOG_COMPILER_GLOBAL_ACCENT_COLOR_NAME = AccentColor;
				CODE_SIGN_STYLE = Automatic;
				CURRENT_PROJECT_VERSION = 1;
				DEVELOPMENT_TEAM = YNH65UJDQA;
				GENERATE_INFOPLIST_FILE = YES;
				INFOPLIST_KEY_UIApplicationSupportsIndirectInputEvents = YES;
				INFOPLIST_KEY_UILaunchStoryboardName = LaunchScreen;
				INFOPLIST_KEY_UIMainStoryboardFile = Main;
				INFOPLIST_KEY_UIStatusBarHidden = YES;
				INFOPLIST_KEY_UISupportedInterfaceOrientations_iPad = "UIInterfaceOrientationPortrait UIInterfaceOrientationPortraitUpsideDown UIInterfaceOrientationLandscapeLeft UIInterfaceOrientationLandscapeRight";
				INFOPLIST_KEY_UISupportedInterfaceOrientations_iPhone = "UIInterfaceOrientationPortrait UIInterfaceOrientationLandscapeLeft UIInterfaceOrientationLandscapeRight";
				LD_RUNPATH_SEARCH_PATHS = (
					"$(inherited)",
					"@executable_path/Frameworks",
				);
				MARKETING_VERSION = 1.0;
				PRODUCT_BUNDLE_IDENTIFIER = OzkanNevin.SpriteKullanimi;
				PRODUCT_NAME = "$(TARGET_NAME)";
				SWIFT_EMIT_LOC_STRINGS = YES;
				SWIFT_VERSION = 5.0;
				TARGETED_DEVICE_FAMILY = "1,2";
			};
			name = Release;
		};
/* End XCBuildConfiguration section */

/* Begin XCConfigurationList section */
		A6823AC42A0A51AB00DC03AC /* Build configuration list for PBXProject "SpriteKullanimi" */ = {
			isa = XCConfigurationList;
			buildConfigurations = (
				A6823ADE2A0A51AC00DC03AC /* Debug */,
				A6823ADF2A0A51AC00DC03AC /* Release */,
			);
			defaultConfigurationIsVisible = 0;
			defaultConfigurationName = Release;
		};
		A6823AE02A0A51AC00DC03AC /* Build configuration list for PBXNativeTarget "SpriteKullanimi" */ = {
			isa = XCConfigurationList;
			buildConfigurations = (
				A6823AE12A0A51AC00DC03AC /* Debug */,
				A6823AE22A0A51AC00DC03AC /* Release */,
			);
			defaultConfigurationIsVisible = 0;
			defaultConfigurationName = Release;
		};
/* End XCConfigurationList section */
	};
	rootObject = A6823AC12A0A51AB00DC03AC /* Project object */;
}
