// !$*UTF8*$!
{
	archiveVersion = 1;
	classes = {
	};
	objectVersion = 56;
	objects = {

/* Begin PBXBuildFile section */
		A6DBFDD42A042331004DD9D4 /* AppDelegate.swift in Sources */ = {isa = PBXBuildFile; fileRef = A6DBFDD32A042331004DD9D4 /* AppDelegate.swift */; };
		A6DBFDD62A042331004DD9D4 /* SceneDelegate.swift in Sources */ = {isa = PBXBuildFile; fileRef = A6DBFDD52A042331004DD9D4 /* SceneDelegate.swift */; };
		A6DBFDD82A042331004DD9D4 /* ViewController.swift in Sources */ = {isa = PBXBuildFile; fileRef = A6DBFDD72A042331004DD9D4 /* ViewController.swift */; };
		A6DBFDDB2A042331004DD9D4 /* Main.storyboard in Resources */ = {isa = PBXBuildFile; fileRef = A6DBFDD92A042331004DD9D4 /* Main.storyboard */; };
		A6DBFDDD2A042332004DD9D4 /* Assets.xcassets in Resources */ = {isa = PBXBuildFile; fileRef = A6DBFDDC2A042332004DD9D4 /* Assets.xcassets */; };
		A6DBFDE02A042332004DD9D4 /* LaunchScreen.storyboard in Resources */ = {isa = PBXBuildFile; fileRef = A6DBFDDE2A042332004DD9D4 /* LaunchScreen.storyboard */; };
		A6DBFDEB2A042332004DD9D4 /* ToolbarCalismasiTests.swift in Sources */ = {isa = PBXBuildFile; fileRef = A6DBFDEA2A042332004DD9D4 /* ToolbarCalismasiTests.swift */; };
		A6DBFDF52A042332004DD9D4 /* ToolbarCalismasiUITests.swift in Sources */ = {isa = PBXBuildFile; fileRef = A6DBFDF42A042332004DD9D4 /* ToolbarCalismasiUITests.swift */; };
		A6DBFDF72A042332004DD9D4 /* ToolbarCalismasiUITestsLaunchTests.swift in Sources */ = {isa = PBXBuildFile; fileRef = A6DBFDF62A042332004DD9D4 /* ToolbarCalismasiUITestsLaunchTests.swift */; };
/* End PBXBuildFile section */

/* Begin PBXContainerItemProxy section */
		A6DBFDE72A042332004DD9D4 /* PBXContainerItemProxy */ = {
			isa = PBXContainerItemProxy;
			containerPortal = A6DBFDC82A042331004DD9D4 /* Project object */;
			proxyType = 1;
			remoteGlobalIDString = A6DBFDCF2A042331004DD9D4;
			remoteInfo = ToolbarCalismasi;
		};
		A6DBFDF12A042332004DD9D4 /* PBXContainerItemProxy */ = {
			isa = PBXContainerItemProxy;
			containerPortal = A6DBFDC82A042331004DD9D4 /* Project object */;
			proxyType = 1;
			remoteGlobalIDString = A6DBFDCF2A042331004DD9D4;
			remoteInfo = ToolbarCalismasi;
		};
/* End PBXContainerItemProxy section */

/* Begin PBXFileReference section */
		A6DBFDD02A042331004DD9D4 /* ToolbarCalismasi.app */ = {isa = PBXFileReference; explicitFileType = wrapper.application; includeInIndex = 0; path = ToolbarCalismasi.app; sourceTree = BUILT_PRODUCTS_DIR; };
		A6DBFDD32A042331004DD9D4 /* AppDelegate.swift */ = {isa = PBXFileReference; lastKnownFileType = sourcecode.swift; path = AppDelegate.swift; sourceTree = "<group>"; };
		A6DBFDD52A042331004DD9D4 /* SceneDelegate.swift */ = {isa = PBXFileReference; lastKnownFileType = sourcecode.swift; path = SceneDelegate.swift; sourceTree = "<group>"; };
		A6DBFDD72A042331004DD9D4 /* ViewController.swift */ = {isa = PBXFileReference; lastKnownFileType = sourcecode.swift; path = ViewController.swift; sourceTree = "<group>"; };
		A6DBFDDA2A042331004DD9D4 /* Base */ = {isa = PBXFileReference; lastKnownFileType = file.storyboard; name = Base; path = Base.lproj/Main.storyboard; sourceTree = "<group>"; };
		A6DBFDDC2A042332004DD9D4 /* Assets.xcassets */ = {isa = PBXFileReference; lastKnownFileType = folder.assetcatalog; path = Assets.xcassets; sourceTree = "<group>"; };
		A6DBFDDF2A042332004DD9D4 /* Base */ = {isa = PBXFileReference; lastKnownFileType = file.storyboard; name = Base; path = Base.lproj/LaunchScreen.storyboard; sourceTree = "<group>"; };
		A6DBFDE12A042332004DD9D4 /* Info.plist */ = {isa = PBXFileReference; lastKnownFileType = text.plist.xml; path = Info.plist; sourceTree = "<group>"; };
		A6DBFDE62A042332004DD9D4 /* ToolbarCalismasiTests.xctest */ = {isa = PBXFileReference; explicitFileType = wrapper.cfbundle; includeInIndex = 0; path = ToolbarCalismasiTests.xctest; sourceTree = BUILT_PRODUCTS_DIR; };
		A6DBFDEA2A042332004DD9D4 /* ToolbarCalismasiTests.swift */ = {isa = PBXFileReference; lastKnownFileType = sourcecode.swift; path = ToolbarCalismasiTests.swift; sourceTree = "<group>"; };
		A6DBFDF02A042332004DD9D4 /* ToolbarCalismasiUITests.xctest */ = {isa = PBXFileReference; explicitFileType = wrapper.cfbundle; includeInIndex = 0; path = ToolbarCalismasiUITests.xctest; sourceTree = BUILT_PRODUCTS_DIR; };
		A6DBFDF42A042332004DD9D4 /* ToolbarCalismasiUITests.swift */ = {isa = PBXFileReference; lastKnownFileType = sourcecode.swift; path = ToolbarCalismasiUITests.swift; sourceTree = "<group>"; };
		A6DBFDF62A042332004DD9D4 /* ToolbarCalismasiUITestsLaunchTests.swift */ = {isa = PBXFileReference; lastKnownFileType = sourcecode.swift; path = ToolbarCalismasiUITestsLaunchTests.swift; sourceTree = "<group>"; };
/* End PBXFileReference section */

/* Begin PBXFrameworksBuildPhase section */
		A6DBFDCD2A042331004DD9D4 /* Frameworks */ = {
			isa = PBXFrameworksBuildPhase;
			buildActionMask = 2147483647;
			files = (
			);
			runOnlyForDeploymentPostprocessing = 0;
		};
		A6DBFDE32A042332004DD9D4 /* Frameworks */ = {
			isa = PBXFrameworksBuildPhase;
			buildActionMask = 2147483647;
			files = (
			);
			runOnlyForDeploymentPostprocessing = 0;
		};
		A6DBFDED2A042332004DD9D4 /* Frameworks */ = {
			isa = PBXFrameworksBuildPhase;
			buildActionMask = 2147483647;
			files = (
			);
			runOnlyForDeploymentPostprocessing = 0;
		};
/* End PBXFrameworksBuildPhase section */

/* Begin PBXGroup section */
		A6DBFDC72A042331004DD9D4 = {
			isa = PBXGroup;
			children = (
				A6DBFDD22A042331004DD9D4 /* ToolbarCalismasi */,
				A6DBFDE92A042332004DD9D4 /* ToolbarCalismasiTests */,
				A6DBFDF32A042332004DD9D4 /* ToolbarCalismasiUITests */,
				A6DBFDD12A042331004DD9D4 /* Products */,
			);
			sourceTree = "<group>";
		};
		A6DBFDD12A042331004DD9D4 /* Products */ = {
			isa = PBXGroup;
			children = (
				A6DBFDD02A042331004DD9D4 /* ToolbarCalismasi.app */,
				A6DBFDE62A042332004DD9D4 /* ToolbarCalismasiTests.xctest */,
				A6DBFDF02A042332004DD9D4 /* ToolbarCalismasiUITests.xctest */,
			);
			name = Products;
			sourceTree = "<group>";
		};
		A6DBFDD22A042331004DD9D4 /* ToolbarCalismasi */ = {
			isa = PBXGroup;
			children = (
				A6DBFDD32A042331004DD9D4 /* AppDelegate.swift */,
				A6DBFDD52A042331004DD9D4 /* SceneDelegate.swift */,
				A6DBFDD72A042331004DD9D4 /* ViewController.swift */,
				A6DBFDD92A042331004DD9D4 /* Main.storyboard */,
				A6DBFDDC2A042332004DD9D4 /* Assets.xcassets */,
				A6DBFDDE2A042332004DD9D4 /* LaunchScreen.storyboard */,
				A6DBFDE12A042332004DD9D4 /* Info.plist */,
			);
			path = ToolbarCalismasi;
			sourceTree = "<group>";
		};
		A6DBFDE92A042332004DD9D4 /* ToolbarCalismasiTests */ = {
			isa = PBXGroup;
			children = (
				A6DBFDEA2A042332004DD9D4 /* ToolbarCalismasiTests.swift */,
			);
			path = ToolbarCalismasiTests;
			sourceTree = "<group>";
		};
		A6DBFDF32A042332004DD9D4 /* ToolbarCalismasiUITests */ = {
			isa = PBXGroup;
			children = (
				A6DBFDF42A042332004DD9D4 /* ToolbarCalismasiUITests.swift */,
				A6DBFDF62A042332004DD9D4 /* ToolbarCalismasiUITestsLaunchTests.swift */,
			);
			path = ToolbarCalismasiUITests;
			sourceTree = "<group>";
		};
/* End PBXGroup section */

/* Begin PBXNativeTarget section */
		A6DBFDCF2A042331004DD9D4 /* ToolbarCalismasi */ = {
			isa = PBXNativeTarget;
			buildConfigurationList = A6DBFDFA2A042332004DD9D4 /* Build configuration list for PBXNativeTarget "ToolbarCalismasi" */;
			buildPhases = (
				A6DBFDCC2A042331004DD9D4 /* Sources */,
				A6DBFDCD2A042331004DD9D4 /* Frameworks */,
				A6DBFDCE2A042331004DD9D4 /* Resources */,
			);
			buildRules = (
			);
			dependencies = (
			);
			name = ToolbarCalismasi;
			productName = ToolbarCalismasi;
			productReference = A6DBFDD02A042331004DD9D4 /* ToolbarCalismasi.app */;
			productType = "com.apple.product-type.application";
		};
		A6DBFDE52A042332004DD9D4 /* ToolbarCalismasiTests */ = {
			isa = PBXNativeTarget;
			buildConfigurationList = A6DBFDFD2A042332004DD9D4 /* Build configuration list for PBXNativeTarget "ToolbarCalismasiTests" */;
			buildPhases = (
				A6DBFDE22A042332004DD9D4 /* Sources */,
				A6DBFDE32A042332004DD9D4 /* Frameworks */,
				A6DBFDE42A042332004DD9D4 /* Resources */,
			);
			buildRules = (
			);
			dependencies = (
				A6DBFDE82A042332004DD9D4 /* PBXTargetDependency */,
			);
			name = ToolbarCalismasiTests;
			productName = ToolbarCalismasiTests;
			productReference = A6DBFDE62A042332004DD9D4 /* ToolbarCalismasiTests.xctest */;
			productType = "com.apple.product-type.bundle.unit-test";
		};
		A6DBFDEF2A042332004DD9D4 /* ToolbarCalismasiUITests */ = {
			isa = PBXNativeTarget;
			buildConfigurationList = A6DBFE002A042332004DD9D4 /* Build configuration list for PBXNativeTarget "ToolbarCalismasiUITests" */;
			buildPhases = (
				A6DBFDEC2A042332004DD9D4 /* Sources */,
				A6DBFDED2A042332004DD9D4 /* Frameworks */,
				A6DBFDEE2A042332004DD9D4 /* Resources */,
			);
			buildRules = (
			);
			dependencies = (
				A6DBFDF22A042332004DD9D4 /* PBXTargetDependency */,
			);
			name = ToolbarCalismasiUITests;
			productName = ToolbarCalismasiUITests;
			productReference = A6DBFDF02A042332004DD9D4 /* ToolbarCalismasiUITests.xctest */;
			productType = "com.apple.product-type.bundle.ui-testing";
		};
/* End PBXNativeTarget section */

/* Begin PBXProject section */
		A6DBFDC82A042331004DD9D4 /* Project object */ = {
			isa = PBXProject;
			attributes = {
				BuildIndependentTargetsInParallel = 1;
				LastSwiftUpdateCheck = 1430;
				LastUpgradeCheck = 1430;
				TargetAttributes = {
					A6DBFDCF2A042331004DD9D4 = {
						CreatedOnToolsVersion = 14.3;
					};
					A6DBFDE52A042332004DD9D4 = {
						CreatedOnToolsVersion = 14.3;
						TestTargetID = A6DBFDCF2A042331004DD9D4;
					};
					A6DBFDEF2A042332004DD9D4 = {
						CreatedOnToolsVersion = 14.3;
						TestTargetID = A6DBFDCF2A042331004DD9D4;
					};
				};
			};
			buildConfigurationList = A6DBFDCB2A042331004DD9D4 /* Build configuration list for PBXProject "ToolbarCalismasi" */;
			compatibilityVersion = "Xcode 14.0";
			developmentRegion = en;
			hasScannedForEncodings = 0;
			knownRegions = (
				en,
				Base,
			);
			mainGroup = A6DBFDC72A042331004DD9D4;
			productRefGroup = A6DBFDD12A042331004DD9D4 /* Products */;
			projectDirPath = "";
			projectRoot = "";
			targets = (
				A6DBFDCF2A042331004DD9D4 /* ToolbarCalismasi */,
				A6DBFDE52A042332004DD9D4 /* ToolbarCalismasiTests */,
				A6DBFDEF2A042332004DD9D4 /* ToolbarCalismasiUITests */,
			);
		};
/* End PBXProject section */

/* Begin PBXResourcesBuildPhase section */
		A6DBFDCE2A042331004DD9D4 /* Resources */ = {
			isa = PBXResourcesBuildPhase;
			buildActionMask = 2147483647;
			files = (
				A6DBFDE02A042332004DD9D4 /* LaunchScreen.storyboard in Resources */,
				A6DBFDDD2A042332004DD9D4 /* Assets.xcassets in Resources */,
				A6DBFDDB2A042331004DD9D4 /* Main.storyboard in Resources */,
			);
			runOnlyForDeploymentPostprocessing = 0;
		};
		A6DBFDE42A042332004DD9D4 /* Resources */ = {
			isa = PBXResourcesBuildPhase;
			buildActionMask = 2147483647;
			files = (
			);
			runOnlyForDeploymentPostprocessing = 0;
		};
		A6DBFDEE2A042332004DD9D4 /* Resources */ = {
			isa = PBXResourcesBuildPhase;
			buildActionMask = 2147483647;
			files = (
			);
			runOnlyForDeploymentPostprocessing = 0;
		};
/* End PBXResourcesBuildPhase section */

/* Begin PBXSourcesBuildPhase section */
		A6DBFDCC2A042331004DD9D4 /* Sources */ = {
			isa = PBXSourcesBuildPhase;
			buildActionMask = 2147483647;
			files = (
				A6DBFDD82A042331004DD9D4 /* ViewController.swift in Sources */,
				A6DBFDD42A042331004DD9D4 /* AppDelegate.swift in Sources */,
				A6DBFDD62A042331004DD9D4 /* SceneDelegate.swift in Sources */,
			);
			runOnlyForDeploymentPostprocessing = 0;
		};
		A6DBFDE22A042332004DD9D4 /* Sources */ = {
			isa = PBXSourcesBuildPhase;
			buildActionMask = 2147483647;
			files = (
				A6DBFDEB2A042332004DD9D4 /* ToolbarCalismasiTests.swift in Sources */,
			);
			runOnlyForDeploymentPostprocessing = 0;
		};
		A6DBFDEC2A042332004DD9D4 /* Sources */ = {
			isa = PBXSourcesBuildPhase;
			buildActionMask = 2147483647;
			files = (
				A6DBFDF52A042332004DD9D4 /* ToolbarCalismasiUITests.swift in Sources */,
				A6DBFDF72A042332004DD9D4 /* ToolbarCalismasiUITestsLaunchTests.swift in Sources */,
			);
			runOnlyForDeploymentPostprocessing = 0;
		};
/* End PBXSourcesBuildPhase section */

/* Begin PBXTargetDependency section */
		A6DBFDE82A042332004DD9D4 /* PBXTargetDependency */ = {
			isa = PBXTargetDependency;
			target = A6DBFDCF2A042331004DD9D4 /* ToolbarCalismasi */;
			targetProxy = A6DBFDE72A042332004DD9D4 /* PBXContainerItemProxy */;
		};
		A6DBFDF22A042332004DD9D4 /* PBXTargetDependency */ = {
			isa = PBXTargetDependency;
			target = A6DBFDCF2A042331004DD9D4 /* ToolbarCalismasi */;
			targetProxy = A6DBFDF12A042332004DD9D4 /* PBXContainerItemProxy */;
		};
/* End PBXTargetDependency section */

/* Begin PBXVariantGroup section */
		A6DBFDD92A042331004DD9D4 /* Main.storyboard */ = {
			isa = PBXVariantGroup;
			children = (
				A6DBFDDA2A042331004DD9D4 /* Base */,
			);
			name = Main.storyboard;
			sourceTree = "<group>";
		};
		A6DBFDDE2A042332004DD9D4 /* LaunchScreen.storyboard */ = {
			isa = PBXVariantGroup;
			children = (
				A6DBFDDF2A042332004DD9D4 /* Base */,
			);
			name = LaunchScreen.storyboard;
			sourceTree = "<group>";
		};
/* End PBXVariantGroup section */

/* Begin XCBuildConfiguration section */
		A6DBFDF82A042332004DD9D4 /* Debug */ = {
			isa = XCBuildConfiguration;
			buildSettings = {
				ALWAYS_SEARCH_USER_PATHS = NO;
				CLANG_ANALYZER_NONNULL = YES;
				CLANG_ANALYZER_NUMBER_OBJECT_CONVERSION = YES_AGGRESSIVE;
				CLANG_CXX_LANGUAGE_STANDARD = "gnu++20";
				CLANG_ENABLE_MODULES = YES;
				CLANG_ENABLE_OBJC_ARC = YES;
				CLANG_ENABLE_OBJC_WEAK = YES;
				CLANG_WARN_BLOCK_CAPTURE_AUTORELEASING = YES;
				CLANG_WARN_BOOL_CONVERSION = YES;
				CLANG_WARN_COMMA = YES;
				CLANG_WARN_CONSTANT_CONVERSION = YES;
				CLANG_WARN_DEPRECATED_OBJC_IMPLEMENTATIONS = YES;
				CLANG_WARN_DIRECT_OBJC_ISA_USAGE = YES_ERROR;
				CLANG_WARN_DOCUMENTATION_COMMENTS = YES;
				CLANG_WARN_EMPTY_BODY = YES;
				CLANG_WARN_ENUM_CONVERSION = YES;
				CLANG_WARN_INFINITE_RECURSION = YES;
				CLANG_WARN_INT_CONVERSION = YES;
				CLANG_WARN_NON_LITERAL_NULL_CONVERSION = YES;
				CLANG_WARN_OBJC_IMPLICIT_RETAIN_SELF = YES;
				CLANG_WARN_OBJC_LITERAL_CONVERSION = YES;
				CLANG_WARN_OBJC_ROOT_CLASS = YES_ERROR;
				CLANG_WARN_QUOTED_INCLUDE_IN_FRAMEWORK_HEADER = YES;
				CLANG_WARN_RANGE_LOOP_ANALYSIS = YES;
				CLANG_WARN_STRICT_PROTOTYPES = YES;
				CLANG_WARN_SUSPICIOUS_MOVE = YES;
				CLANG_WARN_UNGUARDED_AVAILABILITY = YES_AGGRESSIVE;
				CLANG_WARN_UNREACHABLE_CODE = YES;
				CLANG_WARN__DUPLICATE_METHOD_MATCH = YES;
				COPY_PHASE_STRIP = NO;
				DEBUG_INFORMATION_FORMAT = dwarf;
				ENABLE_STRICT_OBJC_MSGSEND = YES;
				ENABLE_TESTABILITY = YES;
				GCC_C_LANGUAGE_STANDARD = gnu11;
				GCC_DYNAMIC_NO_PIC = NO;
				GCC_NO_COMMON_BLOCKS = YES;
				GCC_OPTIMIZATION_LEVEL = 0;
				GCC_PREPROCESSOR_DEFINITIONS = (
					"DEBUG=1",
					"$(inherited)",
				);
				GCC_WARN_64_TO_32_BIT_CONVERSION = YES;
				GCC_WARN_ABOUT_RETURN_TYPE = YES_ERROR;
				GCC_WARN_UNDECLARED_SELECTOR = YES;
				GCC_WARN_UNINITIALIZED_AUTOS = YES_AGGRESSIVE;
				GCC_WARN_UNUSED_FUNCTION = YES;
				GCC_WARN_UNUSED_VARIABLE = YES;
				IPHONEOS_DEPLOYMENT_TARGET = 16.4;
				MTL_ENABLE_DEBUG_INFO = INCLUDE_SOURCE;
				MTL_FAST_MATH = YES;
				ONLY_ACTIVE_ARCH = YES;
				SDKROOT = iphoneos;
				SWIFT_ACTIVE_COMPILATION_CONDITIONS = DEBUG;
				SWIFT_OPTIMIZATION_LEVEL = "-Onone";
			};
			name = Debug;
		};
		A6DBFDF92A042332004DD9D4 /* Release */ = {
			isa = XCBuildConfiguration;
			buildSettings = {
				ALWAYS_SEARCH_USER_PATHS = NO;
				CLANG_ANALYZER_NONNULL = YES;
				CLANG_ANALYZER_NUMBER_OBJECT_CONVERSION = YES_AGGRESSIVE;
				CLANG_CXX_LANGUAGE_STANDARD = "gnu++20";
				CLANG_ENABLE_MODULES = YES;
				CLANG_ENABLE_OBJC_ARC = YES;
				CLANG_ENABLE_OBJC_WEAK = YES;
				CLANG_WARN_BLOCK_CAPTURE_AUTORELEASING = YES;
				CLANG_WARN_BOOL_CONVERSION = YES;
				CLANG_WARN_COMMA = YES;
				CLANG_WARN_CONSTANT_CONVERSION = YES;
				CLANG_WARN_DEPRECATED_OBJC_IMPLEMENTATIONS = YES;
				CLANG_WARN_DIRECT_OBJC_ISA_USAGE = YES_ERROR;
				CLANG_WARN_DOCUMENTATION_COMMENTS = YES;
				CLANG_WARN_EMPTY_BODY = YES;
				CLANG_WARN_ENUM_CONVERSION = YES;
				CLANG_WARN_INFINITE_RECURSION = YES;
				CLANG_WARN_INT_CONVERSION = YES;
				CLANG_WARN_NON_LITERAL_NULL_CONVERSION = YES;
				CLANG_WARN_OBJC_IMPLICIT_RETAIN_SELF = YES;
				CLANG_WARN_OBJC_LITERAL_CONVERSION = YES;
				CLANG_WARN_OBJC_ROOT_CLASS = YES_ERROR;
				CLANG_WARN_QUOTED_INCLUDE_IN_FRAMEWORK_HEADER = YES;
				CLANG_WARN_RANGE_LOOP_ANALYSIS = YES;
				CLANG_WARN_STRICT_PROTOTYPES = YES;
				CLANG_WARN_SUSPICIOUS_MOVE = YES;
				CLANG_WARN_UNGUARDED_AVAILABILITY = YES_AGGRESSIVE;
				CLANG_WARN_UNREACHABLE_CODE = YES;
				CLANG_WARN__DUPLICATE_METHOD_MATCH = YES;
				COPY_PHASE_STRIP = NO;
				DEBUG_INFORMATION_FORMAT = "dwarf-with-dsym";
				ENABLE_NS_ASSERTIONS = NO;
				ENABLE_STRICT_OBJC_MSGSEND = YES;
				GCC_C_LANGUAGE_STANDARD = gnu11;
				GCC_NO_COMMON_BLOCKS = YES;
				GCC_WARN_64_TO_32_BIT_CONVERSION = YES;
				GCC_WARN_ABOUT_RETURN_TYPE = YES_ERROR;
				GCC_WARN_UNDECLARED_SELECTOR = YES;
				GCC_WARN_UNINITIALIZED_AUTOS = YES_AGGRESSIVE;
				GCC_WARN_UNUSED_FUNCTION = YES;
				GCC_WARN_UNUSED_VARIABLE = YES;
				IPHONEOS_DEPLOYMENT_TARGET = 16.4;
				MTL_ENABLE_DEBUG_INFO = NO;
				MTL_FAST_MATH = YES;
				SDKROOT = iphoneos;
				SWIFT_COMPILATION_MODE = wholemodule;
				SWIFT_OPTIMIZATION_LEVEL = "-O";
				VALIDATE_PRODUCT = YES;
			};
			name = Release;
		};
		A6DBFDFB2A042332004DD9D4 /* Debug */ = {
			isa = XCBuildConfiguration;
			buildSettings = {
				ASSETCATALOG_COMPILER_APPICON_NAME = AppIcon;
				ASSETCATALOG_COMPILER_GLOBAL_ACCENT_COLOR_NAME = AccentColor;
				CODE_SIGN_STYLE = Automatic;
				CURRENT_PROJECT_VERSION = 1;
				DEVELOPMENT_TEAM = YNH65UJDQA;
				GENERATE_INFOPLIST_FILE = YES;
				INFOPLIST_FILE = ToolbarCalismasi/Info.plist;
				INFOPLIST_KEY_UIApplicationSupportsIndirectInputEvents = YES;
				INFOPLIST_KEY_UILaunchStoryboardName = LaunchScreen;
				INFOPLIST_KEY_UIMainStoryboardFile = Main;
				INFOPLIST_KEY_UISupportedInterfaceOrientations_iPad = "UIInterfaceOrientationPortrait UIInterfaceOrientationPortraitUpsideDown UIInterfaceOrientationLandscapeLeft UIInterfaceOrientationLandscapeRight";
				INFOPLIST_KEY_UISupportedInterfaceOrientations_iPhone = "UIInterfaceOrientationPortrait UIInterfaceOrientationLandscapeLeft UIInterfaceOrientationLandscapeRight";
				LD_RUNPATH_SEARCH_PATHS = (
					"$(inherited)",
					"@executable_path/Frameworks",
				);
				MARKETING_VERSION = 1.0;
				PRODUCT_BUNDLE_IDENTIFIER = OzkanNevin.ToolbarCalismasi;
				PRODUCT_NAME = "$(TARGET_NAME)";
				SWIFT_EMIT_LOC_STRINGS = YES;
				SWIFT_VERSION = 5.0;
				TARGETED_DEVICE_FAMILY = "1,2";
			};
			name = Debug;
		};
		A6DBFDFC2A042332004DD9D4 /* Release */ = {
			isa = XCBuildConfiguration;
			buildSettings = {
				ASSETCATALOG_COMPILER_APPICON_NAME = AppIcon;
				ASSETCATALOG_COMPILER_GLOBAL_ACCENT_COLOR_NAME = AccentColor;
				CODE_SIGN_STYLE = Automatic;
				CURRENT_PROJECT_VERSION = 1;
				DEVELOPMENT_TEAM = YNH65UJDQA;
				GENERATE_INFOPLIST_FILE = YES;
				INFOPLIST_FILE = ToolbarCalismasi/Info.plist;
				INFOPLIST_KEY_UIApplicationSupportsIndirectInputEvents = YES;
				INFOPLIST_KEY_UILaunchStoryboardName = LaunchScreen;
				INFOPLIST_KEY_UIMainStoryboardFile = Main;
				INFOPLIST_KEY_UISupportedInterfaceOrientations_iPad = "UIInterfaceOrientationPortrait UIInterfaceOrientationPortraitUpsideDown UIInterfaceOrientationLandscapeLeft UIInterfaceOrientationLandscapeRight";
				INFOPLIST_KEY_UISupportedInterfaceOrientations_iPhone = "UIInterfaceOrientationPortrait UIInterfaceOrientationLandscapeLeft UIInterfaceOrientationLandscapeRight";
				LD_RUNPATH_SEARCH_PATHS = (
					"$(inherited)",
					"@executable_path/Frameworks",
				);
				MARKETING_VERSION = 1.0;
				PRODUCT_BUNDLE_IDENTIFIER = OzkanNevin.ToolbarCalismasi;
				PRODUCT_NAME = "$(TARGET_NAME)";
				SWIFT_EMIT_LOC_STRINGS = YES;
				SWIFT_VERSION = 5.0;
				TARGETED_DEVICE_FAMILY = "1,2";
			};
			name = Release;
		};
		A6DBFDFE2A042332004DD9D4 /* Debug */ = {
			isa = XCBuildConfiguration;
			buildSettings = {
				ALWAYS_EMBED_SWIFT_STANDARD_LIBRARIES = YES;
				BUNDLE_LOADER = "$(TEST_HOST)";
				CODE_SIGN_STYLE = Automatic;
				CURRENT_PROJECT_VERSION = 1;
				DEVELOPMENT_TEAM = YNH65UJDQA;
				GENERATE_INFOPLIST_FILE = YES;
				IPHONEOS_DEPLOYMENT_TARGET = 16.4;
				MARKETING_VERSION = 1.0;
				PRODUCT_BUNDLE_IDENTIFIER = OzkanNevin.ToolbarCalismasiTests;
				PRODUCT_NAME = "$(TARGET_NAME)";
				SWIFT_EMIT_LOC_STRINGS = NO;
				SWIFT_VERSION = 5.0;
				TARGETED_DEVICE_FAMILY = "1,2";
				TEST_HOST = "$(BUILT_PRODUCTS_DIR)/ToolbarCalismasi.app/$(BUNDLE_EXECUTABLE_FOLDER_PATH)/ToolbarCalismasi";
			};
			name = Debug;
		};
		A6DBFDFF2A042332004DD9D4 /* Release */ = {
			isa = XCBuildConfiguration;
			buildSettings = {
				ALWAYS_EMBED_SWIFT_STANDARD_LIBRARIES = YES;
				BUNDLE_LOADER = "$(TEST_HOST)";
				CODE_SIGN_STYLE = Automatic;
				CURRENT_PROJECT_VERSION = 1;
				DEVELOPMENT_TEAM = YNH65UJDQA;
				GENERATE_INFOPLIST_FILE = YES;
				IPHONEOS_DEPLOYMENT_TARGET = 16.4;
				MARKETING_VERSION = 1.0;
				PRODUCT_BUNDLE_IDENTIFIER = OzkanNevin.ToolbarCalismasiTests;
				PRODUCT_NAME = "$(TARGET_NAME)";
				SWIFT_EMIT_LOC_STRINGS = NO;
				SWIFT_VERSION = 5.0;
				TARGETED_DEVICE_FAMILY = "1,2";
				TEST_HOST = "$(BUILT_PRODUCTS_DIR)/ToolbarCalismasi.app/$(BUNDLE_EXECUTABLE_FOLDER_PATH)/ToolbarCalismasi";
			};
			name = Release;
		};
		A6DBFE012A042332004DD9D4 /* Debug */ = {
			isa = XCBuildConfiguration;
			buildSettings = {
				ALWAYS_EMBED_SWIFT_STANDARD_LIBRARIES = YES;
				CODE_SIGN_STYLE = Automatic;
				CURRENT_PROJECT_VERSION = 1;
				DEVELOPMENT_TEAM = YNH65UJDQA;
				GENERATE_INFOPLIST_FILE = YES;
				MARKETING_VERSION = 1.0;
				PRODUCT_BUNDLE_IDENTIFIER = OzkanNevin.ToolbarCalismasiUITests;
				PRODUCT_NAME = "$(TARGET_NAME)";
				SWIFT_EMIT_LOC_STRINGS = NO;
				SWIFT_VERSION = 5.0;
				TARGETED_DEVICE_FAMILY = "1,2";
				TEST_TARGET_NAME = ToolbarCalismasi;
			};
			name = Debug;
		};
		A6DBFE022A042332004DD9D4 /* Release */ = {
			isa = XCBuildConfiguration;
			buildSettings = {
				ALWAYS_EMBED_SWIFT_STANDARD_LIBRARIES = YES;
				CODE_SIGN_STYLE = Automatic;
				CURRENT_PROJECT_VERSION = 1;
				DEVELOPMENT_TEAM = YNH65UJDQA;
				GENERATE_INFOPLIST_FILE = YES;
				MARKETING_VERSION = 1.0;
				PRODUCT_BUNDLE_IDENTIFIER = OzkanNevin.ToolbarCalismasiUITests;
				PRODUCT_NAME = "$(TARGET_NAME)";
				SWIFT_EMIT_LOC_STRINGS = NO;
				SWIFT_VERSION = 5.0;
				TARGETED_DEVICE_FAMILY = "1,2";
				TEST_TARGET_NAME = ToolbarCalismasi;
			};
			name = Release;
		};
/* End XCBuildConfiguration section */

/* Begin XCConfigurationList section */
		A6DBFDCB2A042331004DD9D4 /* Build configuration list for PBXProject "ToolbarCalismasi" */ = {
			isa = XCConfigurationList;
			buildConfigurations = (
				A6DBFDF82A042332004DD9D4 /* Debug */,
				A6DBFDF92A042332004DD9D4 /* Release */,
			);
			defaultConfigurationIsVisible = 0;
			defaultConfigurationName = Release;
		};
		A6DBFDFA2A042332004DD9D4 /* Build configuration list for PBXNativeTarget "ToolbarCalismasi" */ = {
			isa = XCConfigurationList;
			buildConfigurations = (
				A6DBFDFB2A042332004DD9D4 /* Debug */,
				A6DBFDFC2A042332004DD9D4 /* Release */,
			);
			defaultConfigurationIsVisible = 0;
			defaultConfigurationName = Release;
		};
		A6DBFDFD2A042332004DD9D4 /* Build configuration list for PBXNativeTarget "ToolbarCalismasiTests" */ = {
			isa = XCConfigurationList;
			buildConfigurations = (
				A6DBFDFE2A042332004DD9D4 /* Debug */,
				A6DBFDFF2A042332004DD9D4 /* Release */,
			);
			defaultConfigurationIsVisible = 0;
			defaultConfigurationName = Release;
		};
		A6DBFE002A042332004DD9D4 /* Build configuration list for PBXNativeTarget "ToolbarCalismasiUITests" */ = {
			isa = XCConfigurationList;
			buildConfigurations = (
				A6DBFE012A042332004DD9D4 /* Debug */,
				A6DBFE022A042332004DD9D4 /* Release */,
			);
			defaultConfigurationIsVisible = 0;
			defaultConfigurationName = Release;
		};
/* End XCConfigurationList section */
	};
	rootObject = A6DBFDC82A042331004DD9D4 /* Project object */;
}
