// !$*UTF8*$!
{
	archiveVersion = 1;
	classes = {
	};
	objectVersion = 56;
	objects = {

/* Begin PBXBuildFile section */
		A62AE6CA29CB22A000B3ADAC /* AppDelegate.swift in Sources */ = {isa = PBXBuildFile; fileRef = A62AE6C929CB22A000B3ADAC /* AppDelegate.swift */; };
		A62AE6CC29CB22A000B3ADAC /* SceneDelegate.swift in Sources */ = {isa = PBXBuildFile; fileRef = A62AE6CB29CB22A000B3ADAC /* SceneDelegate.swift */; };
		A62AE6CE29CB22A000B3ADAC /* ViewController.swift in Sources */ = {isa = PBXBuildFile; fileRef = A62AE6CD29CB22A000B3ADAC /* ViewController.swift */; };
		A62AE6D129CB22A000B3ADAC /* Main.storyboard in Resources */ = {isa = PBXBuildFile; fileRef = A62AE6CF29CB22A000B3ADAC /* Main.storyboard */; };
		A62AE6D429CB22A000B3ADAC /* TravelBook.xcdatamodeld in Sources */ = {isa = PBXBuildFile; fileRef = A62AE6D229CB22A000B3ADAC /* TravelBook.xcdatamodeld */; };
		A62AE6D629CB22A100B3ADAC /* Assets.xcassets in Resources */ = {isa = PBXBuildFile; fileRef = A62AE6D529CB22A100B3ADAC /* Assets.xcassets */; };
		A62AE6D929CB22A100B3ADAC /* LaunchScreen.storyboard in Resources */ = {isa = PBXBuildFile; fileRef = A62AE6D729CB22A100B3ADAC /* LaunchScreen.storyboard */; };
/* End PBXBuildFile section */

/* Begin PBXFileReference section */
		A62AE6C629CB22A000B3ADAC /* TravelBook.app */ = {isa = PBXFileReference; explicitFileType = wrapper.application; includeInIndex = 0; path = TravelBook.app; sourceTree = BUILT_PRODUCTS_DIR; };
		A62AE6C929CB22A000B3ADAC /* AppDelegate.swift */ = {isa = PBXFileReference; lastKnownFileType = sourcecode.swift; path = AppDelegate.swift; sourceTree = "<group>"; };
		A62AE6CB29CB22A000B3ADAC /* SceneDelegate.swift */ = {isa = PBXFileReference; lastKnownFileType = sourcecode.swift; path = SceneDelegate.swift; sourceTree = "<group>"; };
		A62AE6CD29CB22A000B3ADAC /* ViewController.swift */ = {isa = PBXFileReference; lastKnownFileType = sourcecode.swift; path = ViewController.swift; sourceTree = "<group>"; };
		A62AE6D029CB22A000B3ADAC /* Base */ = {isa = PBXFileReference; lastKnownFileType = file.storyboard; name = Base; path = Base.lproj/Main.storyboard; sourceTree = "<group>"; };
		A62AE6D329CB22A000B3ADAC /* TravelBook.xcdatamodel */ = {isa = PBXFileReference; lastKnownFileType = wrapper.xcdatamodel; path = TravelBook.xcdatamodel; sourceTree = "<group>"; };
		A62AE6D529CB22A100B3ADAC /* Assets.xcassets */ = {isa = PBXFileReference; lastKnownFileType = folder.assetcatalog; path = Assets.xcassets; sourceTree = "<group>"; };
		A62AE6D829CB22A100B3ADAC /* Base */ = {isa = PBXFileReference; lastKnownFileType = file.storyboard; name = Base; path = Base.lproj/LaunchScreen.storyboard; sourceTree = "<group>"; };
		A62AE6DA29CB22A100B3ADAC /* Info.plist */ = {isa = PBXFileReference; lastKnownFileType = text.plist.xml; path = Info.plist; sourceTree = "<group>"; };
/* End PBXFileReference section */

/* Begin PBXFrameworksBuildPhase section */
		A62AE6C329CB22A000B3ADAC /* Frameworks */ = {
			isa = PBXFrameworksBuildPhase;
			buildActionMask = 2147483647;
			files = (
			);
			runOnlyForDeploymentPostprocessing = 0;
		};
/* End PBXFrameworksBuildPhase section */

/* Begin PBXGroup section */
		A62AE6BD29CB22A000B3ADAC = {
			isa = PBXGroup;
			children = (
				A62AE6C829CB22A000B3ADAC /* TravelBook */,
				A62AE6C729CB22A000B3ADAC /* Products */,
			);
			sourceTree = "<group>";
		};
		A62AE6C729CB22A000B3ADAC /* Products */ = {
			isa = PBXGroup;
			children = (
				A62AE6C629CB22A000B3ADAC /* TravelBook.app */,
			);
			name = Products;
			sourceTree = "<group>";
		};
		A62AE6C829CB22A000B3ADAC /* TravelBook */ = {
			isa = PBXGroup;
			children = (
				A62AE6C929CB22A000B3ADAC /* AppDelegate.swift */,
				A62AE6CB29CB22A000B3ADAC /* SceneDelegate.swift */,
				A62AE6CD29CB22A000B3ADAC /* ViewController.swift */,
				A62AE6CF29CB22A000B3ADAC /* Main.storyboard */,
				A62AE6D529CB22A100B3ADAC /* Assets.xcassets */,
				A62AE6D729CB22A100B3ADAC /* LaunchScreen.storyboard */,
				A62AE6DA29CB22A100B3ADAC /* Info.plist */,
				A62AE6D229CB22A000B3ADAC /* TravelBook.xcdatamodeld */,
			);
			path = TravelBook;
			sourceTree = "<group>";
		};
/* End PBXGroup section */

/* Begin PBXNativeTarget section */
		A62AE6C529CB22A000B3ADAC /* TravelBook */ = {
			isa = PBXNativeTarget;
			buildConfigurationList = A62AE6DD29CB22A100B3ADAC /* Build configuration list for PBXNativeTarget "TravelBook" */;
			buildPhases = (
				A62AE6C229CB22A000B3ADAC /* Sources */,
				A62AE6C329CB22A000B3ADAC /* Frameworks */,
				A62AE6C429CB22A000B3ADAC /* Resources */,
			);
			buildRules = (
			);
			dependencies = (
			);
			name = TravelBook;
			productName = TravelBook;
			productReference = A62AE6C629CB22A000B3ADAC /* TravelBook.app */;
			productType = "com.apple.product-type.application";
		};
/* End PBXNativeTarget section */

/* Begin PBXProject section */
		A62AE6BE29CB22A000B3ADAC /* Project object */ = {
			isa = PBXProject;
			attributes = {
				BuildIndependentTargetsInParallel = 1;
				LastSwiftUpdateCheck = 1420;
				LastUpgradeCheck = 1420;
				TargetAttributes = {
					A62AE6C529CB22A000B3ADAC = {
						CreatedOnToolsVersion = 14.2;
					};
				};
			};
			buildConfigurationList = A62AE6C129CB22A000B3ADAC /* Build configuration list for PBXProject "TravelBook" */;
			compatibilityVersion = "Xcode 14.0";
			developmentRegion = en;
			hasScannedForEncodings = 0;
			knownRegions = (
				en,
				Base,
			);
			mainGroup = A62AE6BD29CB22A000B3ADAC;
			productRefGroup = A62AE6C729CB22A000B3ADAC /* Products */;
			projectDirPath = "";
			projectRoot = "";
			targets = (
				A62AE6C529CB22A000B3ADAC /* TravelBook */,
			);
		};
/* End PBXProject section */

/* Begin PBXResourcesBuildPhase section */
		A62AE6C429CB22A000B3ADAC /* Resources */ = {
			isa = PBXResourcesBuildPhase;
			buildActionMask = 2147483647;
			files = (
				A62AE6D929CB22A100B3ADAC /* LaunchScreen.storyboard in Resources */,
				A62AE6D629CB22A100B3ADAC /* Assets.xcassets in Resources */,
				A62AE6D129CB22A000B3ADAC /* Main.storyboard in Resources */,
			);
			runOnlyForDeploymentPostprocessing = 0;
		};
/* End PBXResourcesBuildPhase section */

/* Begin PBXSourcesBuildPhase section */
		A62AE6C229CB22A000B3ADAC /* Sources */ = {
			isa = PBXSourcesBuildPhase;
			buildActionMask = 2147483647;
			files = (
				A62AE6D429CB22A000B3ADAC /* TravelBook.xcdatamodeld in Sources */,
				A62AE6CE29CB22A000B3ADAC /* ViewController.swift in Sources */,
				A62AE6CA29CB22A000B3ADAC /* AppDelegate.swift in Sources */,
				A62AE6CC29CB22A000B3ADAC /* SceneDelegate.swift in Sources */,
			);
			runOnlyForDeploymentPostprocessing = 0;
		};
/* End PBXSourcesBuildPhase section */

/* Begin PBXVariantGroup section */
		A62AE6CF29CB22A000B3ADAC /* Main.storyboard */ = {
			isa = PBXVariantGroup;
			children = (
				A62AE6D029CB22A000B3ADAC /* Base */,
			);
			name = Main.storyboard;
			sourceTree = "<group>";
		};
		A62AE6D729CB22A100B3ADAC /* LaunchScreen.storyboard */ = {
			isa = PBXVariantGroup;
			children = (
				A62AE6D829CB22A100B3ADAC /* Base */,
			);
			name = LaunchScreen.storyboard;
			sourceTree = "<group>";
		};
/* End PBXVariantGroup section */

/* Begin XCBuildConfiguration section */
		A62AE6DB29CB22A100B3ADAC /* Debug */ = {
			isa = XCBuildConfiguration;
			buildSettings = {
				ALWAYS_SEARCH_USER_PATHS = NO;
				CLANG_ANALYZER_NONNULL = YES;
				CLANG_ANALYZER_NUMBER_OBJECT_CONVERSION = YES_AGGRESSIVE;
				CLANG_CXX_LANGUAGE_STANDARD = "gnu++20";
				CLANG_ENABLE_MODULES = YES;
				CLANG_ENABLE_OBJC_ARC = YES;
				CLANG_ENABLE_OBJC_WEAK = YES;
				CLANG_WARN_BLOCK_CAPTURE_AUTORELEASING = YES;
				CLANG_WARN_BOOL_CONVERSION = YES;
				CLANG_WARN_COMMA = YES;
				CLANG_WARN_CONSTANT_CONVERSION = YES;
				CLANG_WARN_DEPRECATED_OBJC_IMPLEMENTATIONS = YES;
				CLANG_WARN_DIRECT_OBJC_ISA_USAGE = YES_ERROR;
				CLANG_WARN_DOCUMENTATION_COMMENTS = YES;
				CLANG_WARN_EMPTY_BODY = YES;
				CLANG_WARN_ENUM_CONVERSION = YES;
				CLANG_WARN_INFINITE_RECURSION = YES;
				CLANG_WARN_INT_CONVERSION = YES;
				CLANG_WARN_NON_LITERAL_NULL_CONVERSION = YES;
				CLANG_WARN_OBJC_IMPLICIT_RETAIN_SELF = YES;
				CLANG_WARN_OBJC_LITERAL_CONVERSION = YES;
				CLANG_WARN_OBJC_ROOT_CLASS = YES_ERROR;
				CLANG_WARN_QUOTED_INCLUDE_IN_FRAMEWORK_HEADER = YES;
				CLANG_WARN_RANGE_LOOP_ANALYSIS = YES;
				CLANG_WARN_STRICT_PROTOTYPES = YES;
				CLANG_WARN_SUSPICIOUS_MOVE = YES;
				CLANG_WARN_UNGUARDED_AVAILABILITY = YES_AGGRESSIVE;
				CLANG_WARN_UNREACHABLE_CODE = YES;
				CLANG_WARN__DUPLICATE_METHOD_MATCH = YES;
				COPY_PHASE_STRIP = NO;
				DEBUG_INFORMATION_FORMAT = dwarf;
				ENABLE_STRICT_OBJC_MSGSEND = YES;
				ENABLE_TESTABILITY = YES;
				GCC_C_LANGUAGE_STANDARD = gnu11;
				GCC_DYNAMIC_NO_PIC = NO;
				GCC_NO_COMMON_BLOCKS = YES;
				GCC_OPTIMIZATION_LEVEL = 0;
				GCC_PREPROCESSOR_DEFINITIONS = (
					"DEBUG=1",
					"$(inherited)",
				);
				GCC_WARN_64_TO_32_BIT_CONVERSION = YES;
				GCC_WARN_ABOUT_RETURN_TYPE = YES_ERROR;
				GCC_WARN_UNDECLARED_SELECTOR = YES;
				GCC_WARN_UNINITIALIZED_AUTOS = YES_AGGRESSIVE;
				GCC_WARN_UNUSED_FUNCTION = YES;
				GCC_WARN_UNUSED_VARIABLE = YES;
				IPHONEOS_DEPLOYMENT_TARGET = 16.2;
				MTL_ENABLE_DEBUG_INFO = INCLUDE_SOURCE;
				MTL_FAST_MATH = YES;
				ONLY_ACTIVE_ARCH = YES;
				SDKROOT = iphoneos;
				SWIFT_ACTIVE_COMPILATION_CONDITIONS = DEBUG;
				SWIFT_OPTIMIZATION_LEVEL = "-Onone";
			};
			name = Debug;
		};
		A62AE6DC29CB22A100B3ADAC /* Release */ = {
			isa = XCBuildConfiguration;
			buildSettings = {
				ALWAYS_SEARCH_USER_PATHS = NO;
				CLANG_ANALYZER_NONNULL = YES;
				CLANG_ANALYZER_NUMBER_OBJECT_CONVERSION = YES_AGGRESSIVE;
				CLANG_CXX_LANGUAGE_STANDARD = "gnu++20";
				CLANG_ENABLE_MODULES = YES;
				CLANG_ENABLE_OBJC_ARC = YES;
				CLANG_ENABLE_OBJC_WEAK = YES;
				CLANG_WARN_BLOCK_CAPTURE_AUTORELEASING = YES;
				CLANG_WARN_BOOL_CONVERSION = YES;
				CLANG_WARN_COMMA = YES;
				CLANG_WARN_CONSTANT_CONVERSION = YES;
				CLANG_WARN_DEPRECATED_OBJC_IMPLEMENTATIONS = YES;
				CLANG_WARN_DIRECT_OBJC_ISA_USAGE = YES_ERROR;
				CLANG_WARN_DOCUMENTATION_COMMENTS = YES;
				CLANG_WARN_EMPTY_BODY = YES;
				CLANG_WARN_ENUM_CONVERSION = YES;
				CLANG_WARN_INFINITE_RECURSION = YES;
				CLANG_WARN_INT_CONVERSION = YES;
				CLANG_WARN_NON_LITERAL_NULL_CONVERSION = YES;
				CLANG_WARN_OBJC_IMPLICIT_RETAIN_SELF = YES;
				CLANG_WARN_OBJC_LITERAL_CONVERSION = YES;
				CLANG_WARN_OBJC_ROOT_CLASS = YES_ERROR;
				CLANG_WARN_QUOTED_INCLUDE_IN_FRAMEWORK_HEADER = YES;
				CLANG_WARN_RANGE_LOOP_ANALYSIS = YES;
				CLANG_WARN_STRICT_PROTOTYPES = YES;
				CLANG_WARN_SUSPICIOUS_MOVE = YES;
				CLANG_WARN_UNGUARDED_AVAILABILITY = YES_AGGRESSIVE;
				CLANG_WARN_UNREACHABLE_CODE = YES;
				CLANG_WARN__DUPLICATE_METHOD_MATCH = YES;
				COPY_PHASE_STRIP = NO;
				DEBUG_INFORMATION_FORMAT = "dwarf-with-dsym";
				ENABLE_NS_ASSERTIONS = NO;
				ENABLE_STRICT_OBJC_MSGSEND = YES;
				GCC_C_LANGUAGE_STANDARD = gnu11;
				GCC_NO_COMMON_BLOCKS = YES;
				GCC_WARN_64_TO_32_BIT_CONVERSION = YES;
				GCC_WARN_ABOUT_RETURN_TYPE = YES_ERROR;
				GCC_WARN_UNDECLARED_SELECTOR = YES;
				GCC_WARN_UNINITIALIZED_AUTOS = YES_AGGRESSIVE;
				GCC_WARN_UNUSED_FUNCTION = YES;
				GCC_WARN_UNUSED_VARIABLE = YES;
				IPHONEOS_DEPLOYMENT_TARGET = 16.2;
				MTL_ENABLE_DEBUG_INFO = NO;
				MTL_FAST_MATH = YES;
				SDKROOT = iphoneos;
				SWIFT_COMPILATION_MODE = wholemodule;
				SWIFT_OPTIMIZATION_LEVEL = "-O";
				VALIDATE_PRODUCT = YES;
			};
			name = Release;
		};
		A62AE6DE29CB22A100B3ADAC /* Debug */ = {
			isa = XCBuildConfiguration;
			buildSettings = {
				ASSETCATALOG_COMPILER_APPICON_NAME = AppIcon;
				ASSETCATALOG_COMPILER_GLOBAL_ACCENT_COLOR_NAME = AccentColor;
				CODE_SIGN_STYLE = Automatic;
				CURRENT_PROJECT_VERSION = 1;
				DEVELOPMENT_TEAM = YNH65UJDQA;
				GENERATE_INFOPLIST_FILE = YES;
				INFOPLIST_FILE = TravelBook/Info.plist;
				INFOPLIST_KEY_UIApplicationSupportsIndirectInputEvents = YES;
				INFOPLIST_KEY_UILaunchStoryboardName = LaunchScreen;
				INFOPLIST_KEY_UIMainStoryboardFile = Main;
				INFOPLIST_KEY_UISupportedInterfaceOrientations_iPad = "UIInterfaceOrientationPortrait UIInterfaceOrientationPortraitUpsideDown UIInterfaceOrientationLandscapeLeft UIInterfaceOrientationLandscapeRight";
				INFOPLIST_KEY_UISupportedInterfaceOrientations_iPhone = "UIInterfaceOrientationPortrait UIInterfaceOrientationLandscapeLeft UIInterfaceOrientationLandscapeRight";
				LD_RUNPATH_SEARCH_PATHS = (
					"$(inherited)",
					"@executable_path/Frameworks",
				);
				MARKETING_VERSION = 1.0;
				PRODUCT_BUNDLE_IDENTIFIER = OzkanNevin.TravelBook;
				PRODUCT_NAME = "$(TARGET_NAME)";
				SWIFT_EMIT_LOC_STRINGS = YES;
				SWIFT_VERSION = 5.0;
				TARGETED_DEVICE_FAMILY = "1,2";
			};
			name = Debug;
		};
		A62AE6DF29CB22A100B3ADAC /* Release */ = {
			isa = XCBuildConfiguration;
			buildSettings = {
				ASSETCATALOG_COMPILER_APPICON_NAME = AppIcon;
				ASSETCATALOG_COMPILER_GLOBAL_ACCENT_COLOR_NAME = AccentColor;
				CODE_SIGN_STYLE = Automatic;
				CURRENT_PROJECT_VERSION = 1;
				DEVELOPMENT_TEAM = YNH65UJDQA;
				GENERATE_INFOPLIST_FILE = YES;
				INFOPLIST_FILE = TravelBook/Info.plist;
				INFOPLIST_KEY_UIApplicationSupportsIndirectInputEvents = YES;
				INFOPLIST_KEY_UILaunchStoryboardName = LaunchScreen;
				INFOPLIST_KEY_UIMainStoryboardFile = Main;
				INFOPLIST_KEY_UISupportedInterfaceOrientations_iPad = "UIInterfaceOrientationPortrait UIInterfaceOrientationPortraitUpsideDown UIInterfaceOrientationLandscapeLeft UIInterfaceOrientationLandscapeRight";
				INFOPLIST_KEY_UISupportedInterfaceOrientations_iPhone = "UIInterfaceOrientationPortrait UIInterfaceOrientationLandscapeLeft UIInterfaceOrientationLandscapeRight";
				LD_RUNPATH_SEARCH_PATHS = (
					"$(inherited)",
					"@executable_path/Frameworks",
				);
				MARKETING_VERSION = 1.0;
				PRODUCT_BUNDLE_IDENTIFIER = OzkanNevin.TravelBook;
				PRODUCT_NAME = "$(TARGET_NAME)";
				SWIFT_EMIT_LOC_STRINGS = YES;
				SWIFT_VERSION = 5.0;
				TARGETED_DEVICE_FAMILY = "1,2";
			};
			name = Release;
		};
/* End XCBuildConfiguration section */

/* Begin XCConfigurationList section */
		A62AE6C129CB22A000B3ADAC /* Build configuration list for PBXProject "TravelBook" */ = {
			isa = XCConfigurationList;
			buildConfigurations = (
				A62AE6DB29CB22A100B3ADAC /* Debug */,
				A62AE6DC29CB22A100B3ADAC /* Release */,
			);
			defaultConfigurationIsVisible = 0;
			defaultConfigurationName = Release;
		};
		A62AE6DD29CB22A100B3ADAC /* Build configuration list for PBXNativeTarget "TravelBook" */ = {
			isa = XCConfigurationList;
			buildConfigurations = (
				A62AE6DE29CB22A100B3ADAC /* Debug */,
				A62AE6DF29CB22A100B3ADAC /* Release */,
			);
			defaultConfigurationIsVisible = 0;
			defaultConfigurationName = Release;
		};
/* End XCConfigurationList section */

/* Begin XCVersionGroup section */
		A62AE6D229CB22A000B3ADAC /* TravelBook.xcdatamodeld */ = {
			isa = XCVersionGroup;
			children = (
				A62AE6D329CB22A000B3ADAC /* TravelBook.xcdatamodel */,
			);
			currentVersion = A62AE6D329CB22A000B3ADAC /* TravelBook.xcdatamodel */;
			path = TravelBook.xcdatamodeld;
			sourceTree = "<group>";
			versionGroupType = wrapper.xcdatamodel;
		};
/* End XCVersionGroup section */
	};
	rootObject = A62AE6BE29CB22A000B3ADAC /* Project object */;
}
