// !$*UTF8*$!
{
	archiveVersion = 1;
	classes = {
	};
	objectVersion = 56;
	objects = {

/* Begin PBXBuildFile section */
		A64201912A057A8B00E0402E /* AppDelegate.swift in Sources */ = {isa = PBXBuildFile; fileRef = A64201902A057A8B00E0402E /* AppDelegate.swift */; };
		A64201932A057A8B00E0402E /* SceneDelegate.swift in Sources */ = {isa = PBXBuildFile; fileRef = A64201922A057A8B00E0402E /* SceneDelegate.swift */; };
		A64201952A057A8B00E0402E /* ViewController.swift in Sources */ = {isa = PBXBuildFile; fileRef = A64201942A057A8B00E0402E /* ViewController.swift */; };
		A64201982A057A8B00E0402E /* Main.storyboard in Resources */ = {isa = PBXBuildFile; fileRef = A64201962A057A8B00E0402E /* Main.storyboard */; };
		A642019A2A057A8C00E0402E /* Assets.xcassets in Resources */ = {isa = PBXBuildFile; fileRef = A64201992A057A8C00E0402E /* Assets.xcassets */; };
		A642019D2A057A8C00E0402E /* LaunchScreen.storyboard in Resources */ = {isa = PBXBuildFile; fileRef = A642019B2A057A8C00E0402E /* LaunchScreen.storyboard */; };
		A64201A82A057A8C00E0402E /* LoginUygulamasiTests.swift in Sources */ = {isa = PBXBuildFile; fileRef = A64201A72A057A8C00E0402E /* LoginUygulamasiTests.swift */; };
		A64201B22A057A8C00E0402E /* LoginUygulamasiUITests.swift in Sources */ = {isa = PBXBuildFile; fileRef = A64201B12A057A8C00E0402E /* LoginUygulamasiUITests.swift */; };
		A64201B42A057A8C00E0402E /* LoginUygulamasiUITestsLaunchTests.swift in Sources */ = {isa = PBXBuildFile; fileRef = A64201B32A057A8C00E0402E /* LoginUygulamasiUITestsLaunchTests.swift */; };
/* End PBXBuildFile section */

/* Begin PBXContainerItemProxy section */
		A64201A42A057A8C00E0402E /* PBXContainerItemProxy */ = {
			isa = PBXContainerItemProxy;
			containerPortal = A64201852A057A8B00E0402E /* Project object */;
			proxyType = 1;
			remoteGlobalIDString = A642018C2A057A8B00E0402E;
			remoteInfo = LoginUygulamasi;
		};
		A64201AE2A057A8C00E0402E /* PBXContainerItemProxy */ = {
			isa = PBXContainerItemProxy;
			containerPortal = A64201852A057A8B00E0402E /* Project object */;
			proxyType = 1;
			remoteGlobalIDString = A642018C2A057A8B00E0402E;
			remoteInfo = LoginUygulamasi;
		};
/* End PBXContainerItemProxy section */

/* Begin PBXFileReference section */
		A642018D2A057A8B00E0402E /* LoginUygulamasi.app */ = {isa = PBXFileReference; explicitFileType = wrapper.application; includeInIndex = 0; path = LoginUygulamasi.app; sourceTree = BUILT_PRODUCTS_DIR; };
		A64201902A057A8B00E0402E /* AppDelegate.swift */ = {isa = PBXFileReference; lastKnownFileType = sourcecode.swift; path = AppDelegate.swift; sourceTree = "<group>"; };
		A64201922A057A8B00E0402E /* SceneDelegate.swift */ = {isa = PBXFileReference; lastKnownFileType = sourcecode.swift; path = SceneDelegate.swift; sourceTree = "<group>"; };
		A64201942A057A8B00E0402E /* ViewController.swift */ = {isa = PBXFileReference; lastKnownFileType = sourcecode.swift; path = ViewController.swift; sourceTree = "<group>"; };
		A64201972A057A8B00E0402E /* Base */ = {isa = PBXFileReference; lastKnownFileType = file.storyboard; name = Base; path = Base.lproj/Main.storyboard; sourceTree = "<group>"; };
		A64201992A057A8C00E0402E /* Assets.xcassets */ = {isa = PBXFileReference; lastKnownFileType = folder.assetcatalog; path = Assets.xcassets; sourceTree = "<group>"; };
		A642019C2A057A8C00E0402E /* Base */ = {isa = PBXFileReference; lastKnownFileType = file.storyboard; name = Base; path = Base.lproj/LaunchScreen.storyboard; sourceTree = "<group>"; };
		A642019E2A057A8C00E0402E /* Info.plist */ = {isa = PBXFileReference; lastKnownFileType = text.plist.xml; path = Info.plist; sourceTree = "<group>"; };
		A64201A32A057A8C00E0402E /* LoginUygulamasiTests.xctest */ = {isa = PBXFileReference; explicitFileType = wrapper.cfbundle; includeInIndex = 0; path = LoginUygulamasiTests.xctest; sourceTree = BUILT_PRODUCTS_DIR; };
		A64201A72A057A8C00E0402E /* LoginUygulamasiTests.swift */ = {isa = PBXFileReference; lastKnownFileType = sourcecode.swift; path = LoginUygulamasiTests.swift; sourceTree = "<group>"; };
		A64201AD2A057A8C00E0402E /* LoginUygulamasiUITests.xctest */ = {isa = PBXFileReference; explicitFileType = wrapper.cfbundle; includeInIndex = 0; path = LoginUygulamasiUITests.xctest; sourceTree = BUILT_PRODUCTS_DIR; };
		A64201B12A057A8C00E0402E /* LoginUygulamasiUITests.swift */ = {isa = PBXFileReference; lastKnownFileType = sourcecode.swift; path = LoginUygulamasiUITests.swift; sourceTree = "<group>"; };
		A64201B32A057A8C00E0402E /* LoginUygulamasiUITestsLaunchTests.swift */ = {isa = PBXFileReference; lastKnownFileType = sourcecode.swift; path = LoginUygulamasiUITestsLaunchTests.swift; sourceTree = "<group>"; };
/* End PBXFileReference section */

/* Begin PBXFrameworksBuildPhase section */
		A642018A2A057A8B00E0402E /* Frameworks */ = {
			isa = PBXFrameworksBuildPhase;
			buildActionMask = 2147483647;
			files = (
			);
			runOnlyForDeploymentPostprocessing = 0;
		};
		A64201A02A057A8C00E0402E /* Frameworks */ = {
			isa = PBXFrameworksBuildPhase;
			buildActionMask = 2147483647;
			files = (
			);
			runOnlyForDeploymentPostprocessing = 0;
		};
		A64201AA2A057A8C00E0402E /* Frameworks */ = {
			isa = PBXFrameworksBuildPhase;
			buildActionMask = 2147483647;
			files = (
			);
			runOnlyForDeploymentPostprocessing = 0;
		};
/* End PBXFrameworksBuildPhase section */

/* Begin PBXGroup section */
		A64201842A057A8B00E0402E = {
			isa = PBXGroup;
			children = (
				A642018F2A057A8B00E0402E /* LoginUygulamasi */,
				A64201A62A057A8C00E0402E /* LoginUygulamasiTests */,
				A64201B02A057A8C00E0402E /* LoginUygulamasiUITests */,
				A642018E2A057A8B00E0402E /* Products */,
			);
			sourceTree = "<group>";
		};
		A642018E2A057A8B00E0402E /* Products */ = {
			isa = PBXGroup;
			children = (
				A642018D2A057A8B00E0402E /* LoginUygulamasi.app */,
				A64201A32A057A8C00E0402E /* LoginUygulamasiTests.xctest */,
				A64201AD2A057A8C00E0402E /* LoginUygulamasiUITests.xctest */,
			);
			name = Products;
			sourceTree = "<group>";
		};
		A642018F2A057A8B00E0402E /* LoginUygulamasi */ = {
			isa = PBXGroup;
			children = (
				A64201902A057A8B00E0402E /* AppDelegate.swift */,
				A64201922A057A8B00E0402E /* SceneDelegate.swift */,
				A64201942A057A8B00E0402E /* ViewController.swift */,
				A64201962A057A8B00E0402E /* Main.storyboard */,
				A64201992A057A8C00E0402E /* Assets.xcassets */,
				A642019B2A057A8C00E0402E /* LaunchScreen.storyboard */,
				A642019E2A057A8C00E0402E /* Info.plist */,
			);
			path = LoginUygulamasi;
			sourceTree = "<group>";
		};
		A64201A62A057A8C00E0402E /* LoginUygulamasiTests */ = {
			isa = PBXGroup;
			children = (
				A64201A72A057A8C00E0402E /* LoginUygulamasiTests.swift */,
			);
			path = LoginUygulamasiTests;
			sourceTree = "<group>";
		};
		A64201B02A057A8C00E0402E /* LoginUygulamasiUITests */ = {
			isa = PBXGroup;
			children = (
				A64201B12A057A8C00E0402E /* LoginUygulamasiUITests.swift */,
				A64201B32A057A8C00E0402E /* LoginUygulamasiUITestsLaunchTests.swift */,
			);
			path = LoginUygulamasiUITests;
			sourceTree = "<group>";
		};
/* End PBXGroup section */

/* Begin PBXNativeTarget section */
		A642018C2A057A8B00E0402E /* LoginUygulamasi */ = {
			isa = PBXNativeTarget;
			buildConfigurationList = A64201B72A057A8C00E0402E /* Build configuration list for PBXNativeTarget "LoginUygulamasi" */;
			buildPhases = (
				A64201892A057A8B00E0402E /* Sources */,
				A642018A2A057A8B00E0402E /* Frameworks */,
				A642018B2A057A8B00E0402E /* Resources */,
			);
			buildRules = (
			);
			dependencies = (
			);
			name = LoginUygulamasi;
			productName = LoginUygulamasi;
			productReference = A642018D2A057A8B00E0402E /* LoginUygulamasi.app */;
			productType = "com.apple.product-type.application";
		};
		A64201A22A057A8C00E0402E /* LoginUygulamasiTests */ = {
			isa = PBXNativeTarget;
			buildConfigurationList = A64201BA2A057A8C00E0402E /* Build configuration list for PBXNativeTarget "LoginUygulamasiTests" */;
			buildPhases = (
				A642019F2A057A8C00E0402E /* Sources */,
				A64201A02A057A8C00E0402E /* Frameworks */,
				A64201A12A057A8C00E0402E /* Resources */,
			);
			buildRules = (
			);
			dependencies = (
				A64201A52A057A8C00E0402E /* PBXTargetDependency */,
			);
			name = LoginUygulamasiTests;
			productName = LoginUygulamasiTests;
			productReference = A64201A32A057A8C00E0402E /* LoginUygulamasiTests.xctest */;
			productType = "com.apple.product-type.bundle.unit-test";
		};
		A64201AC2A057A8C00E0402E /* LoginUygulamasiUITests */ = {
			isa = PBXNativeTarget;
			buildConfigurationList = A64201BD2A057A8C00E0402E /* Build configuration list for PBXNativeTarget "LoginUygulamasiUITests" */;
			buildPhases = (
				A64201A92A057A8C00E0402E /* Sources */,
				A64201AA2A057A8C00E0402E /* Frameworks */,
				A64201AB2A057A8C00E0402E /* Resources */,
			);
			buildRules = (
			);
			dependencies = (
				A64201AF2A057A8C00E0402E /* PBXTargetDependency */,
			);
			name = LoginUygulamasiUITests;
			productName = LoginUygulamasiUITests;
			productReference = A64201AD2A057A8C00E0402E /* LoginUygulamasiUITests.xctest */;
			productType = "com.apple.product-type.bundle.ui-testing";
		};
/* End PBXNativeTarget section */

/* Begin PBXProject section */
		A64201852A057A8B00E0402E /* Project object */ = {
			isa = PBXProject;
			attributes = {
				BuildIndependentTargetsInParallel = 1;
				LastSwiftUpdateCheck = 1430;
				LastUpgradeCheck = 1430;
				TargetAttributes = {
					A642018C2A057A8B00E0402E = {
						CreatedOnToolsVersion = 14.3;
					};
					A64201A22A057A8C00E0402E = {
						CreatedOnToolsVersion = 14.3;
						TestTargetID = A642018C2A057A8B00E0402E;
					};
					A64201AC2A057A8C00E0402E = {
						CreatedOnToolsVersion = 14.3;
						TestTargetID = A642018C2A057A8B00E0402E;
					};
				};
			};
			buildConfigurationList = A64201882A057A8B00E0402E /* Build configuration list for PBXProject "LoginUygulamasi" */;
			compatibilityVersion = "Xcode 14.0";
			developmentRegion = en;
			hasScannedForEncodings = 0;
			knownRegions = (
				en,
				Base,
			);
			mainGroup = A64201842A057A8B00E0402E;
			productRefGroup = A642018E2A057A8B00E0402E /* Products */;
			projectDirPath = "";
			projectRoot = "";
			targets = (
				A642018C2A057A8B00E0402E /* LoginUygulamasi */,
				A64201A22A057A8C00E0402E /* LoginUygulamasiTests */,
				A64201AC2A057A8C00E0402E /* LoginUygulamasiUITests */,
			);
		};
/* End PBXProject section */

/* Begin PBXResourcesBuildPhase section */
		A642018B2A057A8B00E0402E /* Resources */ = {
			isa = PBXResourcesBuildPhase;
			buildActionMask = 2147483647;
			files = (
				A642019D2A057A8C00E0402E /* LaunchScreen.storyboard in Resources */,
				A642019A2A057A8C00E0402E /* Assets.xcassets in Resources */,
				A64201982A057A8B00E0402E /* Main.storyboard in Resources */,
			);
			runOnlyForDeploymentPostprocessing = 0;
		};
		A64201A12A057A8C00E0402E /* Resources */ = {
			isa = PBXResourcesBuildPhase;
			buildActionMask = 2147483647;
			files = (
			);
			runOnlyForDeploymentPostprocessing = 0;
		};
		A64201AB2A057A8C00E0402E /* Resources */ = {
			isa = PBXResourcesBuildPhase;
			buildActionMask = 2147483647;
			files = (
			);
			runOnlyForDeploymentPostprocessing = 0;
		};
/* End PBXResourcesBuildPhase section */

/* Begin PBXSourcesBuildPhase section */
		A64201892A057A8B00E0402E /* Sources */ = {
			isa = PBXSourcesBuildPhase;
			buildActionMask = 2147483647;
			files = (
				A64201952A057A8B00E0402E /* ViewController.swift in Sources */,
				A64201912A057A8B00E0402E /* AppDelegate.swift in Sources */,
				A64201932A057A8B00E0402E /* SceneDelegate.swift in Sources */,
			);
			runOnlyForDeploymentPostprocessing = 0;
		};
		A642019F2A057A8C00E0402E /* Sources */ = {
			isa = PBXSourcesBuildPhase;
			buildActionMask = 2147483647;
			files = (
				A64201A82A057A8C00E0402E /* LoginUygulamasiTests.swift in Sources */,
			);
			runOnlyForDeploymentPostprocessing = 0;
		};
		A64201A92A057A8C00E0402E /* Sources */ = {
			isa = PBXSourcesBuildPhase;
			buildActionMask = 2147483647;
			files = (
				A64201B22A057A8C00E0402E /* LoginUygulamasiUITests.swift in Sources */,
				A64201B42A057A8C00E0402E /* LoginUygulamasiUITestsLaunchTests.swift in Sources */,
			);
			runOnlyForDeploymentPostprocessing = 0;
		};
/* End PBXSourcesBuildPhase section */

/* Begin PBXTargetDependency section */
		A64201A52A057A8C00E0402E /* PBXTargetDependency */ = {
			isa = PBXTargetDependency;
			target = A642018C2A057A8B00E0402E /* LoginUygulamasi */;
			targetProxy = A64201A42A057A8C00E0402E /* PBXContainerItemProxy */;
		};
		A64201AF2A057A8C00E0402E /* PBXTargetDependency */ = {
			isa = PBXTargetDependency;
			target = A642018C2A057A8B00E0402E /* LoginUygulamasi */;
			targetProxy = A64201AE2A057A8C00E0402E /* PBXContainerItemProxy */;
		};
/* End PBXTargetDependency section */

/* Begin PBXVariantGroup section */
		A64201962A057A8B00E0402E /* Main.storyboard */ = {
			isa = PBXVariantGroup;
			children = (
				A64201972A057A8B00E0402E /* Base */,
			);
			name = Main.storyboard;
			sourceTree = "<group>";
		};
		A642019B2A057A8C00E0402E /* LaunchScreen.storyboard */ = {
			isa = PBXVariantGroup;
			children = (
				A642019C2A057A8C00E0402E /* Base */,
			);
			name = LaunchScreen.storyboard;
			sourceTree = "<group>";
		};
/* End PBXVariantGroup section */

/* Begin XCBuildConfiguration section */
		A64201B52A057A8C00E0402E /* Debug */ = {
			isa = XCBuildConfiguration;
			buildSettings = {
				ALWAYS_SEARCH_USER_PATHS = NO;
				CLANG_ANALYZER_NONNULL = YES;
				CLANG_ANALYZER_NUMBER_OBJECT_CONVERSION = YES_AGGRESSIVE;
				CLANG_CXX_LANGUAGE_STANDARD = "gnu++20";
				CLANG_ENABLE_MODULES = YES;
				CLANG_ENABLE_OBJC_ARC = YES;
				CLANG_ENABLE_OBJC_WEAK = YES;
				CLANG_WARN_BLOCK_CAPTURE_AUTORELEASING = YES;
				CLANG_WARN_BOOL_CONVERSION = YES;
				CLANG_WARN_COMMA = YES;
				CLANG_WARN_CONSTANT_CONVERSION = YES;
				CLANG_WARN_DEPRECATED_OBJC_IMPLEMENTATIONS = YES;
				CLANG_WARN_DIRECT_OBJC_ISA_USAGE = YES_ERROR;
				CLANG_WARN_DOCUMENTATION_COMMENTS = YES;
				CLANG_WARN_EMPTY_BODY = YES;
				CLANG_WARN_ENUM_CONVERSION = YES;
				CLANG_WARN_INFINITE_RECURSION = YES;
				CLANG_WARN_INT_CONVERSION = YES;
				CLANG_WARN_NON_LITERAL_NULL_CONVERSION = YES;
				CLANG_WARN_OBJC_IMPLICIT_RETAIN_SELF = YES;
				CLANG_WARN_OBJC_LITERAL_CONVERSION = YES;
				CLANG_WARN_OBJC_ROOT_CLASS = YES_ERROR;
				CLANG_WARN_QUOTED_INCLUDE_IN_FRAMEWORK_HEADER = YES;
				CLANG_WARN_RANGE_LOOP_ANALYSIS = YES;
				CLANG_WARN_STRICT_PROTOTYPES = YES;
				CLANG_WARN_SUSPICIOUS_MOVE = YES;
				CLANG_WARN_UNGUARDED_AVAILABILITY = YES_AGGRESSIVE;
				CLANG_WARN_UNREACHABLE_CODE = YES;
				CLANG_WARN__DUPLICATE_METHOD_MATCH = YES;
				COPY_PHASE_STRIP = NO;
				DEBUG_INFORMATION_FORMAT = dwarf;
				ENABLE_STRICT_OBJC_MSGSEND = YES;
				ENABLE_TESTABILITY = YES;
				GCC_C_LANGUAGE_STANDARD = gnu11;
				GCC_DYNAMIC_NO_PIC = NO;
				GCC_NO_COMMON_BLOCKS = YES;
				GCC_OPTIMIZATION_LEVEL = 0;
				GCC_PREPROCESSOR_DEFINITIONS = (
					"DEBUG=1",
					"$(inherited)",
				);
				GCC_WARN_64_TO_32_BIT_CONVERSION = YES;
				GCC_WARN_ABOUT_RETURN_TYPE = YES_ERROR;
				GCC_WARN_UNDECLARED_SELECTOR = YES;
				GCC_WARN_UNINITIALIZED_AUTOS = YES_AGGRESSIVE;
				GCC_WARN_UNUSED_FUNCTION = YES;
				GCC_WARN_UNUSED_VARIABLE = YES;
				IPHONEOS_DEPLOYMENT_TARGET = 16.4;
				MTL_ENABLE_DEBUG_INFO = INCLUDE_SOURCE;
				MTL_FAST_MATH = YES;
				ONLY_ACTIVE_ARCH = YES;
				SDKROOT = iphoneos;
				SWIFT_ACTIVE_COMPILATION_CONDITIONS = DEBUG;
				SWIFT_OPTIMIZATION_LEVEL = "-Onone";
			};
			name = Debug;
		};
		A64201B62A057A8C00E0402E /* Release */ = {
			isa = XCBuildConfiguration;
			buildSettings = {
				ALWAYS_SEARCH_USER_PATHS = NO;
				CLANG_ANALYZER_NONNULL = YES;
				CLANG_ANALYZER_NUMBER_OBJECT_CONVERSION = YES_AGGRESSIVE;
				CLANG_CXX_LANGUAGE_STANDARD = "gnu++20";
				CLANG_ENABLE_MODULES = YES;
				CLANG_ENABLE_OBJC_ARC = YES;
				CLANG_ENABLE_OBJC_WEAK = YES;
				CLANG_WARN_BLOCK_CAPTURE_AUTORELEASING = YES;
				CLANG_WARN_BOOL_CONVERSION = YES;
				CLANG_WARN_COMMA = YES;
				CLANG_WARN_CONSTANT_CONVERSION = YES;
				CLANG_WARN_DEPRECATED_OBJC_IMPLEMENTATIONS = YES;
				CLANG_WARN_DIRECT_OBJC_ISA_USAGE = YES_ERROR;
				CLANG_WARN_DOCUMENTATION_COMMENTS = YES;
				CLANG_WARN_EMPTY_BODY = YES;
				CLANG_WARN_ENUM_CONVERSION = YES;
				CLANG_WARN_INFINITE_RECURSION = YES;
				CLANG_WARN_INT_CONVERSION = YES;
				CLANG_WARN_NON_LITERAL_NULL_CONVERSION = YES;
				CLANG_WARN_OBJC_IMPLICIT_RETAIN_SELF = YES;
				CLANG_WARN_OBJC_LITERAL_CONVERSION = YES;
				CLANG_WARN_OBJC_ROOT_CLASS = YES_ERROR;
				CLANG_WARN_QUOTED_INCLUDE_IN_FRAMEWORK_HEADER = YES;
				CLANG_WARN_RANGE_LOOP_ANALYSIS = YES;
				CLANG_WARN_STRICT_PROTOTYPES = YES;
				CLANG_WARN_SUSPICIOUS_MOVE = YES;
				CLANG_WARN_UNGUARDED_AVAILABILITY = YES_AGGRESSIVE;
				CLANG_WARN_UNREACHABLE_CODE = YES;
				CLANG_WARN__DUPLICATE_METHOD_MATCH = YES;
				COPY_PHASE_STRIP = NO;
				DEBUG_INFORMATION_FORMAT = "dwarf-with-dsym";
				ENABLE_NS_ASSERTIONS = NO;
				ENABLE_STRICT_OBJC_MSGSEND = YES;
				GCC_C_LANGUAGE_STANDARD = gnu11;
				GCC_NO_COMMON_BLOCKS = YES;
				GCC_WARN_64_TO_32_BIT_CONVERSION = YES;
				GCC_WARN_ABOUT_RETURN_TYPE = YES_ERROR;
				GCC_WARN_UNDECLARED_SELECTOR = YES;
				GCC_WARN_UNINITIALIZED_AUTOS = YES_AGGRESSIVE;
				GCC_WARN_UNUSED_FUNCTION = YES;
				GCC_WARN_UNUSED_VARIABLE = YES;
				IPHONEOS_DEPLOYMENT_TARGET = 16.4;
				MTL_ENABLE_DEBUG_INFO = NO;
				MTL_FAST_MATH = YES;
				SDKROOT = iphoneos;
				SWIFT_COMPILATION_MODE = wholemodule;
				SWIFT_OPTIMIZATION_LEVEL = "-O";
				VALIDATE_PRODUCT = YES;
			};
			name = Release;
		};
		A64201B82A057A8C00E0402E /* Debug */ = {
			isa = XCBuildConfiguration;
			buildSettings = {
				ASSETCATALOG_COMPILER_APPICON_NAME = AppIcon;
				ASSETCATALOG_COMPILER_GLOBAL_ACCENT_COLOR_NAME = AccentColor;
				CODE_SIGN_STYLE = Automatic;
				CURRENT_PROJECT_VERSION = 1;
				DEVELOPMENT_TEAM = YNH65UJDQA;
				GENERATE_INFOPLIST_FILE = YES;
				INFOPLIST_FILE = LoginUygulamasi/Info.plist;
				INFOPLIST_KEY_UIApplicationSupportsIndirectInputEvents = YES;
				INFOPLIST_KEY_UILaunchStoryboardName = LaunchScreen;
				INFOPLIST_KEY_UIMainStoryboardFile = Main;
				INFOPLIST_KEY_UISupportedInterfaceOrientations_iPad = "UIInterfaceOrientationPortrait UIInterfaceOrientationPortraitUpsideDown UIInterfaceOrientationLandscapeLeft UIInterfaceOrientationLandscapeRight";
				INFOPLIST_KEY_UISupportedInterfaceOrientations_iPhone = "UIInterfaceOrientationPortrait UIInterfaceOrientationLandscapeLeft UIInterfaceOrientationLandscapeRight";
				LD_RUNPATH_SEARCH_PATHS = (
					"$(inherited)",
					"@executable_path/Frameworks",
				);
				MARKETING_VERSION = 1.0;
				PRODUCT_BUNDLE_IDENTIFIER = OzkanNevin.LoginUygulamasi;
				PRODUCT_NAME = "$(TARGET_NAME)";
				SWIFT_EMIT_LOC_STRINGS = YES;
				SWIFT_VERSION = 5.0;
				TARGETED_DEVICE_FAMILY = "1,2";
			};
			name = Debug;
		};
		A64201B92A057A8C00E0402E /* Release */ = {
			isa = XCBuildConfiguration;
			buildSettings = {
				ASSETCATALOG_COMPILER_APPICON_NAME = AppIcon;
				ASSETCATALOG_COMPILER_GLOBAL_ACCENT_COLOR_NAME = AccentColor;
				CODE_SIGN_STYLE = Automatic;
				CURRENT_PROJECT_VERSION = 1;
				DEVELOPMENT_TEAM = YNH65UJDQA;
				GENERATE_INFOPLIST_FILE = YES;
				INFOPLIST_FILE = LoginUygulamasi/Info.plist;
				INFOPLIST_KEY_UIApplicationSupportsIndirectInputEvents = YES;
				INFOPLIST_KEY_UILaunchStoryboardName = LaunchScreen;
				INFOPLIST_KEY_UIMainStoryboardFile = Main;
				INFOPLIST_KEY_UISupportedInterfaceOrientations_iPad = "UIInterfaceOrientationPortrait UIInterfaceOrientationPortraitUpsideDown UIInterfaceOrientationLandscapeLeft UIInterfaceOrientationLandscapeRight";
				INFOPLIST_KEY_UISupportedInterfaceOrientations_iPhone = "UIInterfaceOrientationPortrait UIInterfaceOrientationLandscapeLeft UIInterfaceOrientationLandscapeRight";
				LD_RUNPATH_SEARCH_PATHS = (
					"$(inherited)",
					"@executable_path/Frameworks",
				);
				MARKETING_VERSION = 1.0;
				PRODUCT_BUNDLE_IDENTIFIER = OzkanNevin.LoginUygulamasi;
				PRODUCT_NAME = "$(TARGET_NAME)";
				SWIFT_EMIT_LOC_STRINGS = YES;
				SWIFT_VERSION = 5.0;
				TARGETED_DEVICE_FAMILY = "1,2";
			};
			name = Release;
		};
		A64201BB2A057A8C00E0402E /* Debug */ = {
			isa = XCBuildConfiguration;
			buildSettings = {
				ALWAYS_EMBED_SWIFT_STANDARD_LIBRARIES = YES;
				BUNDLE_LOADER = "$(TEST_HOST)";
				CODE_SIGN_STYLE = Automatic;
				CURRENT_PROJECT_VERSION = 1;
				DEVELOPMENT_TEAM = YNH65UJDQA;
				GENERATE_INFOPLIST_FILE = YES;
				IPHONEOS_DEPLOYMENT_TARGET = 16.4;
				MARKETING_VERSION = 1.0;
				PRODUCT_BUNDLE_IDENTIFIER = OzkanNevin.LoginUygulamasiTests;
				PRODUCT_NAME = "$(TARGET_NAME)";
				SWIFT_EMIT_LOC_STRINGS = NO;
				SWIFT_VERSION = 5.0;
				TARGETED_DEVICE_FAMILY = "1,2";
				TEST_HOST = "$(BUILT_PRODUCTS_DIR)/LoginUygulamasi.app/$(BUNDLE_EXECUTABLE_FOLDER_PATH)/LoginUygulamasi";
			};
			name = Debug;
		};
		A64201BC2A057A8C00E0402E /* Release */ = {
			isa = XCBuildConfiguration;
			buildSettings = {
				ALWAYS_EMBED_SWIFT_STANDARD_LIBRARIES = YES;
				BUNDLE_LOADER = "$(TEST_HOST)";
				CODE_SIGN_STYLE = Automatic;
				CURRENT_PROJECT_VERSION = 1;
				DEVELOPMENT_TEAM = YNH65UJDQA;
				GENERATE_INFOPLIST_FILE = YES;
				IPHONEOS_DEPLOYMENT_TARGET = 16.4;
				MARKETING_VERSION = 1.0;
				PRODUCT_BUNDLE_IDENTIFIER = OzkanNevin.LoginUygulamasiTests;
				PRODUCT_NAME = "$(TARGET_NAME)";
				SWIFT_EMIT_LOC_STRINGS = NO;
				SWIFT_VERSION = 5.0;
				TARGETED_DEVICE_FAMILY = "1,2";
				TEST_HOST = "$(BUILT_PRODUCTS_DIR)/LoginUygulamasi.app/$(BUNDLE_EXECUTABLE_FOLDER_PATH)/LoginUygulamasi";
			};
			name = Release;
		};
		A64201BE2A057A8C00E0402E /* Debug */ = {
			isa = XCBuildConfiguration;
			buildSettings = {
				ALWAYS_EMBED_SWIFT_STANDARD_LIBRARIES = YES;
				CODE_SIGN_STYLE = Automatic;
				CURRENT_PROJECT_VERSION = 1;
				DEVELOPMENT_TEAM = YNH65UJDQA;
				GENERATE_INFOPLIST_FILE = YES;
				MARKETING_VERSION = 1.0;
				PRODUCT_BUNDLE_IDENTIFIER = OzkanNevin.LoginUygulamasiUITests;
				PRODUCT_NAME = "$(TARGET_NAME)";
				SWIFT_EMIT_LOC_STRINGS = NO;
				SWIFT_VERSION = 5.0;
				TARGETED_DEVICE_FAMILY = "1,2";
				TEST_TARGET_NAME = LoginUygulamasi;
			};
			name = Debug;
		};
		A64201BF2A057A8C00E0402E /* Release */ = {
			isa = XCBuildConfiguration;
			buildSettings = {
				ALWAYS_EMBED_SWIFT_STANDARD_LIBRARIES = YES;
				CODE_SIGN_STYLE = Automatic;
				CURRENT_PROJECT_VERSION = 1;
				DEVELOPMENT_TEAM = YNH65UJDQA;
				GENERATE_INFOPLIST_FILE = YES;
				MARKETING_VERSION = 1.0;
				PRODUCT_BUNDLE_IDENTIFIER = OzkanNevin.LoginUygulamasiUITests;
				PRODUCT_NAME = "$(TARGET_NAME)";
				SWIFT_EMIT_LOC_STRINGS = NO;
				SWIFT_VERSION = 5.0;
				TARGETED_DEVICE_FAMILY = "1,2";
				TEST_TARGET_NAME = LoginUygulamasi;
			};
			name = Release;
		};
/* End XCBuildConfiguration section */

/* Begin XCConfigurationList section */
		A64201882A057A8B00E0402E /* Build configuration list for PBXProject "LoginUygulamasi" */ = {
			isa = XCConfigurationList;
			buildConfigurations = (
				A64201B52A057A8C00E0402E /* Debug */,
				A64201B62A057A8C00E0402E /* Release */,
			);
			defaultConfigurationIsVisible = 0;
			defaultConfigurationName = Release;
		};
		A64201B72A057A8C00E0402E /* Build configuration list for PBXNativeTarget "LoginUygulamasi" */ = {
			isa = XCConfigurationList;
			buildConfigurations = (
				A64201B82A057A8C00E0402E /* Debug */,
				A64201B92A057A8C00E0402E /* Release */,
			);
			defaultConfigurationIsVisible = 0;
			defaultConfigurationName = Release;
		};
		A64201BA2A057A8C00E0402E /* Build configuration list for PBXNativeTarget "LoginUygulamasiTests" */ = {
			isa = XCConfigurationList;
			buildConfigurations = (
				A64201BB2A057A8C00E0402E /* Debug */,
				A64201BC2A057A8C00E0402E /* Release */,
			);
			defaultConfigurationIsVisible = 0;
			defaultConfigurationName = Release;
		};
		A64201BD2A057A8C00E0402E /* Build configuration list for PBXNativeTarget "LoginUygulamasiUITests" */ = {
			isa = XCConfigurationList;
			buildConfigurations = (
				A64201BE2A057A8C00E0402E /* Debug */,
				A64201BF2A057A8C00E0402E /* Release */,
			);
			defaultConfigurationIsVisible = 0;
			defaultConfigurationName = Release;
		};
/* End XCConfigurationList section */
	};
	rootObject = A64201852A057A8B00E0402E /* Project object */;
}
